lockfileVersion: '6.0'

dependencies:
  '@hookform/resolvers':
    specifier: ^2.9.11
    version: 2.9.11(react-hook-form@7.43.3)
  '@tanstack/react-query':
    specifier: ^4.18.0
    version: 4.18.0(react-dom@18.2.0)(react@18.2.0)
  '@trpc/client':
    specifier: ^10.34.0
    version: 10.34.0(@trpc/server@10.34.0)
  '@trpc/next':
    specifier: ^10.34.0
    version: 10.34.0(@tanstack/react-query@4.18.0)(@trpc/client@10.34.0)(@trpc/react-query@10.34.0)(@trpc/server@10.34.0)(next@13.4.8)(react-dom@18.2.0)(react@18.2.0)
  '@trpc/react-query':
    specifier: ^10.34.0
    version: 10.34.0(@tanstack/react-query@4.18.0)(@trpc/client@10.34.0)(@trpc/server@10.34.0)(react-dom@18.2.0)(react@18.2.0)
  '@trpc/server':
    specifier: ^10.34.0
    version: 10.34.0
  '@types/node':
    specifier: ^18.16.16
    version: 18.16.16
  '@types/react':
    specifier: ^18.2.8
    version: 18.2.8
  '@types/react-dom':
    specifier: ^18.2.4
    version: 18.2.4
  next:
    specifier: ^13.4.8
    version: 13.4.8(react-dom@18.2.0)(react@18.2.0)
  next-auth:
    specifier: ^4.22.1
    version: 4.22.1(next@13.4.8)(react-dom@18.2.0)(react@18.2.0)
  react:
    specifier: ^18.2.0
    version: 18.2.0
  react-dom:
    specifier: ^18.2.0
    version: 18.2.0(react@18.2.0)
  react-hook-form:
    specifier: ^7.43.3
    version: 7.43.3(react@18.2.0)
  superjson:
    specifier: ^1.12.4
    version: 1.12.4
  trpc-api:
    specifier: link:./src/trpc
    version: link:src/trpc
  typescript:
    specifier: ^5.1.3
    version: 5.1.3
  zod:
    specifier: ^3.0.0
    version: 3.20.2

devDependencies:
  '@playwright/test':
    specifier: ^1.26.1
    version: 1.28.1
  start-server-and-test:
    specifier: ^1.12.0
    version: 1.14.0
  wait-port:
    specifier: ^1.0.1
    version: 1.0.4

packages:

  /@babel/runtime@7.21.5:
    resolution: {integrity: sha512-8jI69toZqqcsnqGGqwGS4Qb1VwLOEp4hz+CXPywcvjs60u3B4Pom/U/7rm4W8tMOYEB+E9wgD0mW1l3r8qlI9Q==}
    engines: {node: '>=6.9.0'}
    dependencies:
      regenerator-runtime: 0.13.11
    dev: false

  /@hapi/hoek@9.3.0:
    resolution: {integrity: sha512-/c6rf4UJlmHlC9b5BaNvzAcFv7HZ2QHaV0D4/HNlBdvFnvQq8RI4kYdhyPCl7Xj+oWvTWQ8ujhqS53LIgAe6KQ==}
    dev: true

  /@hapi/topo@5.1.0:
    resolution: {integrity: sha512-foQZKJig7Ob0BMAYBfcJk8d77QtOe7Wo4ox7ff1lQYoNNAb6jwcY1ncdoy2e9wQZzvNy7ODZCYJkK8kzmcAnAg==}
    dependencies:
      '@hapi/hoek': 9.3.0
    dev: true

  /@hookform/resolvers@2.9.11(react-hook-form@7.43.3):
    resolution: {integrity: sha512-bA3aZ79UgcHj7tFV7RlgThzwSSHZgvfbt2wprldRkYBcMopdMvHyO17Wwp/twcJasNFischFfS7oz8Katz8DdQ==}
    peerDependencies:
      react-hook-form: ^7.0.0
    dependencies:
      react-hook-form: 7.43.3(react@18.2.0)
    dev: false

  /@next/env@13.4.8:
    resolution: {integrity: sha512-twuSf1klb3k9wXI7IZhbZGtFCWvGD4wXTY2rmvzIgVhXhs7ISThrbNyutBx3jWIL8Y/Hk9+woytFz5QsgtcRKQ==}
    dev: false

  /@next/swc-darwin-arm64@13.4.8:
    resolution: {integrity: sha512-MSFplVM4dTWOuKAUv0XR9gY7AWtMSBu9os9f+kp+s5rWhM1I2CdR3obFttd6366nS/W/VZxbPM5oEIdlIa46zA==}
    engines: {node: '>= 10'}
    cpu: [arm64]
    os: [darwin]
    requiresBuild: true
    dev: false
    optional: true

  /@next/swc-darwin-x64@13.4.8:
    resolution: {integrity: sha512-Reox+UXgonon9P0WNDE6w85DGtyBqGitl/ryznOvn6TvfxEaZIpTgeu3ZrJLU9dHSMhiK7YAM793mE/Zii2/Qw==}
    engines: {node: '>= 10'}
    cpu: [x64]
    os: [darwin]
    requiresBuild: true
    dev: false
    optional: true

  /@next/swc-linux-arm64-gnu@13.4.8:
    resolution: {integrity: sha512-kdyzYvAYtqQVgzIKNN7e1rLU8aZv86FDSRqPlOkKZlvqudvTO0iohuTPmnEEDlECeBM6qRPShNffotDcU/R2KA==}
    engines: {node: '>= 10'}
    cpu: [arm64]
    os: [linux]
    requiresBuild: true
    dev: false
    optional: true

  /@next/swc-linux-arm64-musl@13.4.8:
    resolution: {integrity: sha512-oWxx4yRkUGcR81XwbI+T0zhZ3bDF6V1aVLpG+C7hSG50ULpV8gC39UxVO22/bv93ZlcfMY4zl8xkz9Klct6dpQ==}
    engines: {node: '>= 10'}
    cpu: [arm64]
    os: [linux]
    requiresBuild: true
    dev: false
    optional: true

  /@next/swc-linux-x64-gnu@13.4.8:
    resolution: {integrity: sha512-anhtvuO6eE9YRhYnaEGTfbpH3L5gT/9qPFcNoi6xS432r/4DAtpJY8kNktqkTVevVIC/pVumqO8tV59PR3zbNg==}
    engines: {node: '>= 10'}
    cpu: [x64]
    os: [linux]
    requiresBuild: true
    dev: false
    optional: true

  /@next/swc-linux-x64-musl@13.4.8:
    resolution: {integrity: sha512-aR+J4wWfNgH1DwCCBNjan7Iumx0lLtn+2/rEYuhIrYLY4vnxqSVGz9u3fXcgUwo6Q9LT8NFkaqK1vPprdq+BXg==}
    engines: {node: '>= 10'}
    cpu: [x64]
    os: [linux]
    requiresBuild: true
    dev: false
    optional: true

  /@next/swc-win32-arm64-msvc@13.4.8:
    resolution: {integrity: sha512-OWBKIrJwQBTqrat0xhxEB/jcsjJR3+diD9nc/Y8F1mRdQzsn4bPsomgJyuqPVZs6Lz3K18qdIkvywmfSq75SsQ==}
    engines: {node: '>= 10'}
    cpu: [arm64]
    os: [win32]
    requiresBuild: true
    dev: false
    optional: true

  /@next/swc-win32-ia32-msvc@13.4.8:
    resolution: {integrity: sha512-agiPWGjUndXGTOn4ChbKipQXRA6/UPkywAWIkx7BhgGv48TiJfHTK6MGfBoL9tS6B4mtW39++uy0wFPnfD0JWg==}
    engines: {node: '>= 10'}
    cpu: [ia32]
    os: [win32]
    requiresBuild: true
    dev: false
    optional: true

  /@next/swc-win32-x64-msvc@13.4.8:
    resolution: {integrity: sha512-UIRKoByVKbuR6SnFG4JM8EMFlJrfEGuUQ1ihxzEleWcNwRMMiVaCj1KyqfTOW8VTQhJ0u8P1Ngg6q1RwnIBTtw==}
    engines: {node: '>= 10'}
    cpu: [x64]
    os: [win32]
    requiresBuild: true
    dev: false
    optional: true

  /@panva/hkdf@1.1.1:
    resolution: {integrity: sha512-dhPeilub1NuIG0X5Kvhh9lH4iW3ZsHlnzwgwbOlgwQ2wG1IqFzsgHqmKPk3WzsdWAeaxKJxgM0+W433RmN45GA==}
    dev: false

  /@playwright/test@1.28.1:
    resolution: {integrity: sha512-xN6spdqrNlwSn9KabIhqfZR7IWjPpFK1835tFNgjrlysaSezuX8PYUwaz38V/yI8TJLG9PkAMEXoHRXYXlpTPQ==}
    engines: {node: '>=14'}
    hasBin: true
    dependencies:
      '@types/node': 18.16.16
      playwright-core: 1.28.1
    dev: true

  /@sideway/address@4.1.4:
    resolution: {integrity: sha512-7vwq+rOHVWjyXxVlR76Agnvhy8I9rpzjosTESvmhNeXOXdZZB15Fl+TI9x1SiHZH5Jv2wTGduSxFDIaq0m3DUw==}
    dependencies:
      '@hapi/hoek': 9.3.0
    dev: true

  /@sideway/formula@3.0.0:
    resolution: {integrity: sha512-vHe7wZ4NOXVfkoRb8T5otiENVlT7a3IAiw7H5M2+GO+9CDgcVUUsX1zalAztCmwyOr2RUTGJdgB+ZvSVqmdHmg==}
    dev: true

  /@sideway/pinpoint@2.0.0:
    resolution: {integrity: sha512-RNiOoTPkptFtSVzQevY/yWtZwf/RxyVnPy/OcA9HBM3MlGDnBEYL5B41H0MTn0Uec8Hi+2qUtTfG2WWZBmMejQ==}
    dev: true

  /@swc/helpers@0.5.1:
    resolution: {integrity: sha512-sJ902EfIzn1Fa+qYmjdQqh8tPsoxyBz+8yBKC2HKUxyezKJFwPGOn7pv4WY6QuQW//ySQi5lJjA/ZT9sNWWNTg==}
    dependencies:
      tslib: 2.5.0
    dev: false

  /@tanstack/query-core@4.18.0:
    resolution: {integrity: sha512-PP4mG8MD08sq64RZCqMfXMYfaj7+Oulwg7xZ/fJoEOdTZNcPIgaOkHajZvUBsNLbi/0ViMvJB4cFkL2Jg2WPbw==}
    dev: false

  /@tanstack/react-query@4.18.0(react-dom@18.2.0)(react@18.2.0):
    resolution: {integrity: sha512-s1kdbGMdVcfUIllzsHUqVUdktBT5uuIRgnvrqFNLjl9TSOXEoBSDrhjsGjao0INQZv8cMpQlgOh3YH9YtN6cKw==}
    peerDependencies:
      react: ^16.8.0 || ^17.0.0 || ^18.0.0
      react-dom: ^16.8.0 || ^17.0.0 || ^18.0.0
      react-native: '*'
    peerDependenciesMeta:
      react-dom:
        optional: true
      react-native:
        optional: true
    dependencies:
      '@tanstack/query-core': 4.18.0
      react: 18.2.0
      react-dom: 18.2.0(react@18.2.0)
      use-sync-external-store: 1.2.0(react@18.2.0)
    dev: false

  /@trpc/client@10.34.0(@trpc/server@10.34.0):
    resolution: {integrity: sha512-nqtDTIqSY/9syo2EjSy4WWWXPU9GsamEh9Tsg698gLAh1nhgFc5+/YYeb+Ne1pbvWGZ5/3t9Dcz3h4wMyyJ9gQ==}
    peerDependencies:
      '@trpc/server': 10.34.0
    dependencies:
      '@trpc/server': 10.34.0
    dev: false

  /@trpc/next@10.34.0(@tanstack/react-query@4.18.0)(@trpc/client@10.34.0)(@trpc/react-query@10.34.0)(@trpc/server@10.34.0)(next@13.4.8)(react-dom@18.2.0)(react@18.2.0):
    resolution: {integrity: sha512-8jQPedVkCYCAG6PXDEumG5ILeD1aYVC6/aApk5Y96eeqnmAtX7TO9grVRfGGNaISuTtJ/oIDmRfSRqo1eOU4OA==}
    peerDependencies:
      '@tanstack/react-query': ^4.18.0
      '@trpc/client': 10.34.0
      '@trpc/react-query': 10.34.0
      '@trpc/server': 10.34.0
      next: '*'
      react: '>=16.8.0'
      react-dom: '>=16.8.0'
    dependencies:
      '@tanstack/react-query': 4.18.0(react-dom@18.2.0)(react@18.2.0)
      '@trpc/client': 10.34.0(@trpc/server@10.34.0)
      '@trpc/react-query': 10.34.0(@tanstack/react-query@4.18.0)(@trpc/client@10.34.0)(@trpc/server@10.34.0)(react-dom@18.2.0)(react@18.2.0)
      '@trpc/server': 10.34.0
      next: 13.4.8(react-dom@18.2.0)(react@18.2.0)
      react: 18.2.0
      react-dom: 18.2.0(react@18.2.0)
      react-ssr-prepass: 1.5.0(react@18.2.0)
    dev: false

  /@trpc/react-query@10.34.0(@tanstack/react-query@4.18.0)(@trpc/client@10.34.0)(@trpc/server@10.34.0)(react-dom@18.2.0)(react@18.2.0):
    resolution: {integrity: sha512-dnp7CmCBXwBgd8nAjMoHWMJwQrvAzjP+f8EXKfJVF66y9FydTBTf4CuXRh+A4EgA5CZeu4Ecva4D61Eu2I13GA==}
    peerDependencies:
      '@tanstack/react-query': ^4.18.0
      '@trpc/client': 10.34.0
      '@trpc/server': 10.34.0
      react: '>=16.8.0'
      react-dom: '>=16.8.0'
    dependencies:
      '@tanstack/react-query': 4.18.0(react-dom@18.2.0)(react@18.2.0)
      '@trpc/client': 10.34.0(@trpc/server@10.34.0)
      '@trpc/server': 10.34.0
      react: 18.2.0
      react-dom: 18.2.0(react@18.2.0)
    dev: false

  /@trpc/server@10.34.0:
    resolution: {integrity: sha512-2VMW44Fpaoyqb50dBtzdSWMhqt8lmoJiocEyBBeDb03R0W+XrzbVD5kU/wqKPlcp1DWeNCkOEIMtetMZCfo1hA==}
    dev: false

  /@types/node@18.16.16:
    resolution: {integrity: sha512-NpaM49IGQQAUlBhHMF82QH80J08os4ZmyF9MkpCzWAGuOHqE4gTEbhzd7L3l5LmWuZ6E0OiC1FweQ4tsiW35+g==}

  /@types/prop-types@15.7.5:
    resolution: {integrity: sha512-JCB8C6SnDoQf0cNycqd/35A7MjcnK+ZTqE7judS6o7utxUCg6imJg3QK2qzHKszlTjcj2cn+NwMB2i96ubpj7w==}
    dev: false

  /@types/react-dom@18.2.4:
    resolution: {integrity: sha512-G2mHoTMTL4yoydITgOGwWdWMVd8sNgyEP85xVmMKAPUBwQWm9wBPQUmvbeF4V3WBY1P7mmL4BkjQ0SqUpf1snw==}
    dependencies:
      '@types/react': 18.2.8
    dev: false

  /@types/react@18.2.8:
    resolution: {integrity: sha512-lTyWUNrd8ntVkqycEEplasWy2OxNlShj3zqS0LuB1ENUGis5HodmhM7DtCoUGbxj3VW/WsGA0DUhpG6XrM7gPA==}
    dependencies:
      '@types/prop-types': 15.7.5
      '@types/scheduler': 0.16.2
      csstype: 3.1.1
    dev: false

  /@types/scheduler@0.16.2:
    resolution: {integrity: sha512-hppQEBDmlwhFAXKJX2KnWLYu5yMfi91yazPb2l+lbJiwW+wdo1gNeRA+3RgNSO39WYX2euey41KEwnqesU2Jew==}
    dev: false

  /ansi-styles@4.3.0:
    resolution: {integrity: sha512-zbB9rCJAT1rbjiVDb2hqKFHNYLxgtk8NURxZ3IZwD3F6NtxbXZQCnnSi1Lkx+IDohdPlFp222wVALIheZJQSEg==}
    engines: {node: '>=8'}
    dependencies:
      color-convert: 2.0.1
    dev: true

  /axios@0.21.4(debug@4.3.2):
    resolution: {integrity: sha512-ut5vewkiu8jjGBdqpM44XxjuCjq9LAKeHVmoVfHVzy8eHgxxq8SbAVQNovDA8mVi05kP0Ea/n/UzcSHcTJQfNg==}
    dependencies:
      follow-redirects: 1.15.2(debug@4.3.2)
    transitivePeerDependencies:
      - debug
    dev: true

  /bluebird@3.7.2:
    resolution: {integrity: sha512-XpNj6GDQzdfW+r2Wnn7xiSAd7TM3jzkxGXBGTtWKuSXv1xUV+azxAm8jdWZN06QTQk+2N2XB9jRDkvbmQmcRtg==}
    dev: true

  /busboy@1.6.0:
    resolution: {integrity: sha512-8SFQbg/0hQ9xy3UNTB0YEnsNBbWfhf7RtnzpL7TkBiTBRfrQ9Fxcnz7VJsleJpyp6rVLvXiuORqjlHi5q+PYuA==}
    engines: {node: '>=10.16.0'}
    dependencies:
      streamsearch: 1.1.0
    dev: false

  /caniuse-lite@1.0.30001486:
    resolution: {integrity: sha512-uv7/gXuHi10Whlj0pp5q/tsK/32J2QSqVRKQhs2j8VsDCjgyruAh/eEXHF822VqO9yT6iZKw3nRwZRSPBE9OQg==}
    dev: false

  /chalk@4.1.2:
    resolution: {integrity: sha512-oKnbhFyRIXpUuez8iBMmyEa4nbj4IOQyuhc/wy9kY7/WVPcwIO9VA668Pu8RkO7+0G76SLROeyw9CpQ061i4mA==}
    engines: {node: '>=10'}
    dependencies:
      ansi-styles: 4.3.0
      supports-color: 7.2.0
    dev: true

  /check-more-types@2.24.0:
    resolution: {integrity: sha512-Pj779qHxV2tuapviy1bSZNEL1maXr13bPYpsvSDB68HlYcYuhlDrmGd63i0JHMCLKzc7rUSNIrpdJlhVlNwrxA==}
    engines: {node: '>= 0.8.0'}
    dev: true

  /client-only@0.0.1:
    resolution: {integrity: sha512-IV3Ou0jSMzZrd3pZ48nLkT9DA7Ag1pnPzaiQhpW7c3RbcqqzvzzVu+L8gfqMp/8IM2MQtSiqaCxrrcfu8I8rMA==}
    dev: false

  /color-convert@2.0.1:
    resolution: {integrity: sha512-RRECPsj7iu/xb5oKYcsFHSppFNnsj/52OVTRKb4zP5onXwVF3zVmmToNcOfGC+CRDpfK/U584fMg38ZHCaElKQ==}
    engines: {node: '>=7.0.0'}
    dependencies:
      color-name: 1.1.4
    dev: true

  /color-name@1.1.4:
    resolution: {integrity: sha512-dOy+3AuW3a2wNbZHIuMZpTcgjGuLU/uBL/ubcZF9OXbDo8ff4O8yVp5Bf0efS8uEoYo5q4Fx7dY9OgQGXgAsQA==}
    dev: true

  /commander@9.4.1:
    resolution: {integrity: sha512-5EEkTNyHNGFPD2H+c/dXXfQZYa/scCKasxWcXJaWnNJ99pnQN9Vnmqow+p+PlFPE63Q6mThaZws1T+HxfpgtPw==}
    engines: {node: ^12.20.0 || >=14}
    dev: true

  /cookie@0.5.0:
    resolution: {integrity: sha512-YZ3GUyn/o8gfKJlnlX7g7xq4gyO6OSuhGPKaaGssGB2qgDUS0gPgtTvoyZLTt9Ab6dC4hfc9dV5arkvc/OCmrw==}
    engines: {node: '>= 0.6'}
    dev: false

  /copy-anything@3.0.2:
    resolution: {integrity: sha512-CzATjGXzUQ0EvuvgOCI6A4BGOo2bcVx8B+eC2nF862iv9fopnPQwlrbACakNCHRIJbCSBj+J/9JeDf60k64MkA==}
    engines: {node: '>=12.13'}
    dependencies:
      is-what: 4.1.7
    dev: false

  /cross-spawn@7.0.3:
    resolution: {integrity: sha512-iRDPJKUPVEND7dHPO8rkbOnPpyDygcDFtWjpeWNCgy8WP2rXcxXL8TskReQl6OrB2G7+UJrags1q15Fudc7G6w==}
    engines: {node: '>= 8'}
    dependencies:
      path-key: 3.1.1
      shebang-command: 2.0.0
      which: 2.0.2
    dev: true

  /csstype@3.1.1:
    resolution: {integrity: sha512-DJR/VvkAvSZW9bTouZue2sSxDwdTN92uHjqeKVm+0dAqdfNykRzQ95tay8aXMBAAPpUiq4Qcug2L7neoRh2Egw==}
    dev: false

  /debug@4.3.2:
    resolution: {integrity: sha512-mOp8wKcvj7XxC78zLgw/ZA+6TSgkoE2C/ienthhRD298T7UNwAg9diBpLRxC0mOezLl4B0xV7M0cCO6P/O0Xhw==}
    engines: {node: '>=6.0'}
    peerDependencies:
      supports-color: '*'
    peerDependenciesMeta:
      supports-color:
        optional: true
    dependencies:
      ms: 2.1.2
    dev: true

  /debug@4.3.4:
    resolution: {integrity: sha512-PRWFHuSU3eDtQJPvnNY7Jcket1j0t5OuOsFzPPzsekD52Zl8qUfFIPEiswXqIvHWGVHOgX+7G/vCNNhehwxfkQ==}
    engines: {node: '>=6.0'}
    peerDependencies:
      supports-color: '*'
    peerDependenciesMeta:
      supports-color:
        optional: true
    dependencies:
      ms: 2.1.2
    dev: true

  /duplexer@0.1.2:
    resolution: {integrity: sha512-jtD6YG370ZCIi/9GTaJKQxWTZD045+4R4hTk/x1UyoqadyJ9x9CgSi1RlVDQF8U2sxLLSnFkCaMihqljHIWgMg==}
    dev: true

  /event-stream@3.3.4:
    resolution: {integrity: sha512-QHpkERcGsR0T7Qm3HNJSyXKEEj8AHNxkY3PK8TS2KJvQ7NiSHe3DDpwVKKtoYprL/AreyzFBeIkBIWChAqn60g==}
    dependencies:
      duplexer: 0.1.2
      from: 0.1.7
      map-stream: 0.1.0
      pause-stream: 0.0.11
      split: 0.3.3
      stream-combiner: 0.0.4
      through: 2.3.8
    dev: true

  /execa@5.1.1:
    resolution: {integrity: sha512-8uSpZZocAZRBAPIEINJj3Lo9HyGitllczc27Eh5YYojjMFMn8yHMDMaUHE2Jqfq05D/wucwI4JGURyXt1vchyg==}
    engines: {node: '>=10'}
    dependencies:
      cross-spawn: 7.0.3
      get-stream: 6.0.1
      human-signals: 2.1.0
      is-stream: 2.0.1
      merge-stream: 2.0.0
      npm-run-path: 4.0.1
      onetime: 5.1.2
      signal-exit: 3.0.7
      strip-final-newline: 2.0.0
    dev: true

  /follow-redirects@1.15.2(debug@4.3.2):
    resolution: {integrity: sha512-VQLG33o04KaQ8uYi2tVNbdrWp1QWxNNea+nmIB4EVM28v0hmP17z7aG1+wAkNzVq4KeXTq3221ye5qTJP91JwA==}
    engines: {node: '>=4.0'}
    peerDependencies:
      debug: '*'
    peerDependenciesMeta:
      debug:
        optional: true
    dependencies:
      debug: 4.3.2
    dev: true

  /from@0.1.7:
    resolution: {integrity: sha512-twe20eF1OxVxp/ML/kq2p1uc6KvFK/+vs8WjEbeKmV2He22MKm7YF2ANIt+EOqhJ5L3K/SuuPhk0hWQDjOM23g==}
    dev: true

  /get-stream@6.0.1:
    resolution: {integrity: sha512-ts6Wi+2j3jQjqi70w5AlN8DFnkSwC+MqmxEzdEALB2qXZYV3X/b1CTfgPLGJNMeAWxdPfU8FO1ms3NUfaHCPYg==}
    engines: {node: '>=10'}
    dev: true

  /glob-to-regexp@0.4.1:
    resolution: {integrity: sha512-lkX1HJXwyMcprw/5YUZc2s7DrpAiHB21/V+E1rHUrVNokkvB6bqMzT0VfV6/86ZNabt1k14YOIaT7nDvOX3Iiw==}
    dev: false

  /graceful-fs@4.2.11:
    resolution: {integrity: sha512-RbJ5/jmFcNNCcDV5o9eTnBLJ/HszWV0P73bc+Ff4nS/rJj+YaS6IGyiOL0VoBYX+l1Wrl3k63h/KrH+nhJ0XvQ==}
    dev: false

  /has-flag@4.0.0:
    resolution: {integrity: sha512-EykJT/Q1KjTWctppgIAgfSO0tKVuZUjhgMr17kqTumMl6Afv3EISleU7qZUzoXDFTAHTDC4NOoG/ZxU3EvlMPQ==}
    engines: {node: '>=8'}
    dev: true

  /human-signals@2.1.0:
    resolution: {integrity: sha512-B4FFZ6q/T2jhhksgkbEW3HBvWIfDW85snkQgawt07S7J5QXTk6BkNV+0yAeZrM5QpMAdYlocGoljn0sJ/WQkFw==}
    engines: {node: '>=10.17.0'}
    dev: true

  /is-stream@2.0.1:
    resolution: {integrity: sha512-hFoiJiTl63nn+kstHGBtewWSKnQLpyb155KHheA1l39uvtO9nWIop1p3udqPcUd/xbF1VLMO4n7OI6p7RbngDg==}
    engines: {node: '>=8'}
    dev: true

  /is-what@4.1.7:
    resolution: {integrity: sha512-DBVOQNiPKnGMxRMLIYSwERAS5MVY1B7xYiGnpgctsOFvVDz9f9PFXXxMcTOHuoqYp4NK9qFYQaIC1NRRxLMpBQ==}
    engines: {node: '>=12.13'}
    dev: false

  /isexe@2.0.0:
    resolution: {integrity: sha512-RHxMLp9lnKHGHRng9QFhRCMbYAcVpn69smSGcq3f36xjgVVWThj4qqLbTLlq7Ssj8B+fIQ1EuCEGI2lKsyQeIw==}
    dev: true

  /joi@17.7.0:
    resolution: {integrity: sha512-1/ugc8djfn93rTE3WRKdCzGGt/EtiYKxITMO4Wiv6q5JL1gl9ePt4kBsl1S499nbosspfctIQTpYIhSmHA3WAg==}
    dependencies:
      '@hapi/hoek': 9.3.0
      '@hapi/topo': 5.1.0
      '@sideway/address': 4.1.4
      '@sideway/formula': 3.0.0
      '@sideway/pinpoint': 2.0.0
    dev: true

  /jose@4.14.4:
    resolution: {integrity: sha512-j8GhLiKmUAh+dsFXlX1aJCbt5KMibuKb+d7j1JaOJG6s2UjX1PQlW+OKB/sD4a/5ZYF4RcmYmLSndOoU3Lt/3g==}
    dev: false

  /js-tokens@4.0.0:
    resolution: {integrity: sha512-RdJUflcE3cUzKiMqQgsCu06FPu9UdIJO0beYbPhHN4k6apgJtifcoCtT9bcxOpYBtpD2kCM6Sbzg4CausW/PKQ==}
    dev: false

  /lazy-ass@1.6.0:
    resolution: {integrity: sha512-cc8oEVoctTvsFZ/Oje/kGnHbpWHYBe8IAJe4C0QNc3t8uM/0Y8+erSz/7Y1ALuXTEZTMvxXwO6YbX1ey3ujiZw==}
    engines: {node: '> 0.8'}
    dev: true

  /lodash@4.17.21:
    resolution: {integrity: sha512-v2kDEe57lecTulaDIuNTPy3Ry4gLGJ6Z1O3vE1krgXZNrsQ+LFTGHVxVjcXPs17LhbZVGedAJv8XZ1tvj5FvSg==}
    dev: true

  /loose-envify@1.4.0:
    resolution: {integrity: sha512-lyuxPGr/Wfhrlem2CL/UcnUc1zcqKAImBDzukY7Y5F/yQiNdko6+fRLevlw1HgMySw7f611UIY408EtxRSoK3Q==}
    hasBin: true
    dependencies:
      js-tokens: 4.0.0
    dev: false

  /lru-cache@6.0.0:
    resolution: {integrity: sha512-Jo6dJ04CmSjuznwJSS3pUeWmd/H0ffTlkXXgwZi+eq1UCmqQwCh+eLsYOYCwY991i2Fah4h1BEMCx4qThGbsiA==}
    engines: {node: '>=10'}
    dependencies:
      yallist: 4.0.0
    dev: false

  /map-stream@0.1.0:
    resolution: {integrity: sha512-CkYQrPYZfWnu/DAmVCpTSX/xHpKZ80eKh2lAkyA6AJTef6bW+6JpbQZN5rofum7da+SyN1bi5ctTm+lTfcCW3g==}
    dev: true

  /merge-stream@2.0.0:
    resolution: {integrity: sha512-abv/qOcuPfk3URPfDzmZU1LKmuw8kT+0nIHvKrKgFrwifol/doWcdA4ZqsWQ8ENrFKkd67Mfpo/LovbIUsbt3w==}
    dev: true

  /mimic-fn@2.1.0:
    resolution: {integrity: sha512-OqbOk5oEQeAZ8WXWydlu9HJjz9WVdEIvamMCcXmuqUYjTknH/sqsWvhQ3vgwKFRR1HpjvNBKQ37nbJgYzGqGcg==}
    engines: {node: '>=6'}
    dev: true

  /minimist@1.2.8:
    resolution: {integrity: sha512-2yyAR8qBkN3YuheJanUpWC5U3bb5osDywNB8RzDVlDwDHbocAJveqqj1u8+SVD7jkWT4yvsHCpWqqWqAxb0zCA==}
    dev: true

  /ms@2.1.2:
    resolution: {integrity: sha512-sGkPx+VjMtmA6MX27oA4FBFELFCZZ4S4XqeGOXCv68tT+jb3vk/RyaKWP0PTKyWtmLSM0b+adUTEvbs1PEaH2w==}
    dev: true

  /nanoid@3.3.4:
    resolution: {integrity: sha512-MqBkQh/OHTS2egovRtLk45wEyNXwF+cokD+1YPf9u5VfJiRdAiRwB2froX5Co9Rh20xs4siNPm8naNotSD6RBw==}
    engines: {node: ^10 || ^12 || ^13.7 || ^14 || >=15.0.1}
    hasBin: true
    dev: false

  /next-auth@4.22.1(next@13.4.8)(react-dom@18.2.0)(react@18.2.0):
    resolution: {integrity: sha512-NTR3f6W7/AWXKw8GSsgSyQcDW6jkslZLH8AiZa5PQ09w1kR8uHtR9rez/E9gAq/o17+p0JYHE8QjF3RoniiObA==}
    peerDependencies:
      next: ^12.2.5 || ^13
      nodemailer: ^6.6.5
      react: ^17.0.2 || ^18
      react-dom: ^17.0.2 || ^18
    peerDependenciesMeta:
      nodemailer:
        optional: true
    dependencies:
      '@babel/runtime': 7.21.5
      '@panva/hkdf': 1.1.1
      cookie: 0.5.0
      jose: 4.14.4
      next: 13.4.8(react-dom@18.2.0)(react@18.2.0)
      oauth: 0.9.15
      openid-client: 5.4.2
      preact: 10.11.3
      preact-render-to-string: 5.2.3(preact@10.11.3)
      react: 18.2.0
      react-dom: 18.2.0(react@18.2.0)
      uuid: 8.3.2
    dev: false

  /next@13.4.8(react-dom@18.2.0)(react@18.2.0):
    resolution: {integrity: sha512-lxUjndYKjZHGK3CWeN2RI+/6ni6EUvjiqGWXAYPxUfGIdFGQ5XoisrqAJ/dF74aP27buAfs8MKIbIMMdxjqSBg==}
    engines: {node: '>=16.8.0'}
    hasBin: true
    peerDependencies:
      '@opentelemetry/api': ^1.1.0
      fibers: '>= 3.1.0'
      react: ^18.2.0
      react-dom: ^18.2.0
      sass: ^1.3.0
    peerDependenciesMeta:
      '@opentelemetry/api':
        optional: true
      fibers:
        optional: true
      sass:
        optional: true
    dependencies:
      '@next/env': 13.4.8
      '@swc/helpers': 0.5.1
      busboy: 1.6.0
      caniuse-lite: 1.0.30001486
      postcss: 8.4.14
      react: 18.2.0
      react-dom: 18.2.0(react@18.2.0)
      styled-jsx: 5.1.1(react@18.2.0)
      watchpack: 2.4.0
      zod: 3.21.4
    optionalDependencies:
      '@next/swc-darwin-arm64': 13.4.8
      '@next/swc-darwin-x64': 13.4.8
      '@next/swc-linux-arm64-gnu': 13.4.8
      '@next/swc-linux-arm64-musl': 13.4.8
      '@next/swc-linux-x64-gnu': 13.4.8
      '@next/swc-linux-x64-musl': 13.4.8
      '@next/swc-win32-arm64-msvc': 13.4.8
      '@next/swc-win32-ia32-msvc': 13.4.8
      '@next/swc-win32-x64-msvc': 13.4.8
    transitivePeerDependencies:
      - '@babel/core'
      - babel-plugin-macros
    dev: false

  /npm-run-path@4.0.1:
    resolution: {integrity: sha512-S48WzZW777zhNIrn7gxOlISNAqi9ZC/uQFnRdbeIHhZhCA6UqpkOT8T1G7BvfdgP4Er8gF4sUbaS0i7QvIfCWw==}
    engines: {node: '>=8'}
    dependencies:
      path-key: 3.1.1
    dev: true

  /oauth@0.9.15:
    resolution: {integrity: sha512-a5ERWK1kh38ExDEfoO6qUHJb32rd7aYmPHuyCu3Fta/cnICvYmgd2uhuKXvPD+PXB+gCEYYEaQdIRAjCOwAKNA==}
    dev: false

  /object-hash@2.2.0:
    resolution: {integrity: sha512-gScRMn0bS5fH+IuwyIFgnh9zBdo4DV+6GhygmWM9HyNJSgS0hScp1f5vjtm7oIIOiT9trXrShAkLFSc2IqKNgw==}
    engines: {node: '>= 6'}
    dev: false

  /oidc-token-hash@5.0.3:
    resolution: {integrity: sha512-IF4PcGgzAr6XXSff26Sk/+P4KZFJVuHAJZj3wgO3vX2bMdNVp/QXTP3P7CEm9V1IdG8lDLY3HhiqpsE/nOwpPw==}
    engines: {node: ^10.13.0 || >=12.0.0}
    dev: false

  /onetime@5.1.2:
    resolution: {integrity: sha512-kbpaSSGJTWdAY5KPVeMOKXSrPtr8C8C7wodJbcsd51jRnmD+GZu8Y0VoU6Dm5Z4vWr0Ig/1NKuWRKf7j5aaYSg==}
    engines: {node: '>=6'}
    dependencies:
      mimic-fn: 2.1.0
    dev: true

  /openid-client@5.4.2:
    resolution: {integrity: sha512-lIhsdPvJ2RneBm3nGBBhQchpe3Uka//xf7WPHTIglery8gnckvW7Bd9IaQzekzXJvWthCMyi/xVEyGW0RFPytw==}
    dependencies:
      jose: 4.14.4
      lru-cache: 6.0.0
      object-hash: 2.2.0
      oidc-token-hash: 5.0.3
    dev: false

  /path-key@3.1.1:
    resolution: {integrity: sha512-ojmeN0qd+y0jszEtoY48r0Peq5dwMEkIlCOu6Q5f41lfkswXuKtYrhgoTpLnyIcHm24Uhqx+5Tqm2InSwLhE6Q==}
    engines: {node: '>=8'}
    dev: true

  /pause-stream@0.0.11:
    resolution: {integrity: sha512-e3FBlXLmN/D1S+zHzanP4E/4Z60oFAa3O051qt1pxa7DEJWKAyil6upYVXCWadEnuoqa4Pkc9oUx9zsxYeRv8A==}
    dependencies:
      through: 2.3.8
    dev: true

  /picocolors@1.0.0:
    resolution: {integrity: sha512-1fygroTLlHu66zi26VoTDv8yRgm0Fccecssto+MhsZ0D/DGW2sm8E8AjW7NU5VVTRt5GxbeZ5qBuJr+HyLYkjQ==}
    dev: false

  /playwright-core@1.28.1:
    resolution: {integrity: sha512-3PixLnGPno0E8rSBJjtwqTwJe3Yw72QwBBBxNoukIj3lEeBNXwbNiKrNuB1oyQgTBw5QHUhNO3SteEtHaMK6ag==}
    engines: {node: '>=14'}
    hasBin: true
    dev: true

  /postcss@8.4.14:
    resolution: {integrity: sha512-E398TUmfAYFPBSdzgeieK2Y1+1cpdxJx8yXbK/m57nRhKSmk1GB2tO4lbLBtlkfPQTDKfe4Xqv1ASWPpayPEig==}
    engines: {node: ^10 || ^12 || >=14}
    dependencies:
      nanoid: 3.3.4
      picocolors: 1.0.0
      source-map-js: 1.0.2
    dev: false

  /preact-render-to-string@5.2.3(preact@10.11.3):
    resolution: {integrity: sha512-aPDxUn5o3GhWdtJtW0svRC2SS/l8D9MAgo2+AWml+BhDImb27ALf04Q2d+AHqUUOc6RdSXFIBVa2gxzgMKgtZA==}
    peerDependencies:
      preact: '>=10'
    dependencies:
      preact: 10.11.3
      pretty-format: 3.8.0
    dev: false

  /preact@10.11.3:
    resolution: {integrity: sha512-eY93IVpod/zG3uMF22Unl8h9KkrcKIRs2EGar8hwLZZDU1lkjph303V9HZBwufh2s736U6VXuhD109LYqPoffg==}
    dev: false

  /pretty-format@3.8.0:
    resolution: {integrity: sha512-WuxUnVtlWL1OfZFQFuqvnvs6MiAGk9UNsBostyBOB0Is9wb5uRESevA6rnl/rkksXaGX3GzZhPup5d6Vp1nFew==}
    dev: false

  /ps-tree@1.2.0:
    resolution: {integrity: sha512-0VnamPPYHl4uaU/nSFeZZpR21QAWRz+sRv4iW9+v/GS/J5U5iZB5BNN6J0RMoOvdx2gWM2+ZFMIm58q24e4UYA==}
    engines: {node: '>= 0.10'}
    hasBin: true
    dependencies:
      event-stream: 3.3.4
    dev: true

  /react-dom@18.2.0(react@18.2.0):
    resolution: {integrity: sha512-6IMTriUmvsjHUjNtEDudZfuDQUoWXVxKHhlEGSk81n4YFS+r/Kl99wXiwlVXtPBtJenozv2P+hxDsw9eA7Xo6g==}
    peerDependencies:
      react: ^18.2.0
    dependencies:
      loose-envify: 1.4.0
      react: 18.2.0
      scheduler: 0.23.0
    dev: false

  /react-hook-form@7.43.3(react@18.2.0):
    resolution: {integrity: sha512-LV6Fixh+hirrl6dXbM78aB6n//82aKbsNbcofF3wc6nx1UJLu3Jj/gsg1E5C9iISnLX+du8VTUyBUz2aCy+H7w==}
    engines: {node: '>=12.22.0'}
    peerDependencies:
      react: ^16.8.0 || ^17 || ^18
    dependencies:
      react: 18.2.0
    dev: false

  /react-ssr-prepass@1.5.0(react@18.2.0):
    resolution: {integrity: sha512-yFNHrlVEReVYKsLI5lF05tZoHveA5pGzjFbFJY/3pOqqjGOmMmqx83N4hIjN2n6E1AOa+eQEUxs3CgRnPmT0RQ==}
    peerDependencies:
      react: ^16.8.0 || ^17.0.0 || ^18.0.0
    dependencies:
      react: 18.2.0
    dev: false

  /react@18.2.0:
    resolution: {integrity: sha512-/3IjMdb2L9QbBdWiW5e3P2/npwMBaU9mHCSCUzNln0ZCYbcfTsGbTJrU/kGemdH2IWmB2ioZ+zkxtmq6g09fGQ==}
    engines: {node: '>=0.10.0'}
    dependencies:
      loose-envify: 1.4.0
    dev: false

  /regenerator-runtime@0.13.11:
    resolution: {integrity: sha512-kY1AZVr2Ra+t+piVaJ4gxaFaReZVH40AKNo7UCX6W+dEwBo/2oZJzqfuN1qLq1oL45o56cPaTXELwrTh8Fpggg==}
    dev: false

  /rxjs@7.8.0:
    resolution: {integrity: sha512-F2+gxDshqmIub1KdvZkaEfGDwLNpPvk9Fs6LD/MyQxNgMds/WH9OdDDXOmxUZpME+iSK3rQCctkL0DYyytUqMg==}
    dependencies:
      tslib: 2.5.0
    dev: true

  /scheduler@0.23.0:
    resolution: {integrity: sha512-CtuThmgHNg7zIZWAXi3AsyIzA3n4xx7aNyjwC2VJldO2LMVDhFK+63xGqq6CsJH4rTAt6/M+N4GhZiDYPx9eUw==}
    dependencies:
      loose-envify: 1.4.0
    dev: false

  /shebang-command@2.0.0:
    resolution: {integrity: sha512-kHxr2zZpYtdmrN1qDjrrX/Z1rR1kG8Dx+gkpK1G4eXmvXswmcE1hTWBWYUzlraYw1/yZp6YuDY77YtvbN0dmDA==}
    engines: {node: '>=8'}
    dependencies:
      shebang-regex: 3.0.0
    dev: true

  /shebang-regex@3.0.0:
    resolution: {integrity: sha512-7++dFhtcx3353uBaq8DDR4NuxBetBzC7ZQOhmTQInHEd6bSrXdiEyzCvG07Z44UYdLShWUyXt5M/yhz8ekcb1A==}
    engines: {node: '>=8'}
    dev: true

  /signal-exit@3.0.7:
    resolution: {integrity: sha512-wnD2ZE+l+SPC/uoS0vXeE9L1+0wuaMqKlfz9AMUo38JsyLSBWSFcHR1Rri62LZc12vLr1gb3jl7iwQhgwpAbGQ==}
    dev: true

  /source-map-js@1.0.2:
    resolution: {integrity: sha512-R0XvVJ9WusLiqTCEiGCmICCMplcCkIwwR11mOSD9CR5u+IXYdiseeEuXCVAjS54zqwkLcPNnmU4OeJ6tUrWhDw==}
    engines: {node: '>=0.10.0'}
    dev: false

  /split@0.3.3:
    resolution: {integrity: sha512-wD2AeVmxXRBoX44wAycgjVpMhvbwdI2aZjCkvfNcH1YqHQvJVa1duWc73OyVGJUc05fhFaTZeQ/PYsrmyH0JVA==}
    dependencies:
      through: 2.3.8
    dev: true

  /start-server-and-test@1.14.0:
    resolution: {integrity: sha512-on5ELuxO2K0t8EmNj9MtVlFqwBMxfWOhu4U7uZD1xccVpFlOQKR93CSe0u98iQzfNxRyaNTb/CdadbNllplTsw==}
    engines: {node: '>=6'}
    hasBin: true
    dependencies:
      bluebird: 3.7.2
      check-more-types: 2.24.0
      debug: 4.3.2
      execa: 5.1.1
      lazy-ass: 1.6.0
      ps-tree: 1.2.0
      wait-on: 6.0.0(debug@4.3.2)
    transitivePeerDependencies:
      - supports-color
    dev: true

  /stream-combiner@0.0.4:
    resolution: {integrity: sha512-rT00SPnTVyRsaSz5zgSPma/aHSOic5U1prhYdRy5HS2kTZviFpmDgzilbtsJsxiroqACmayynDN/9VzIbX5DOw==}
    dependencies:
      duplexer: 0.1.2
    dev: true

  /streamsearch@1.1.0:
    resolution: {integrity: sha512-Mcc5wHehp9aXz1ax6bZUyY5afg9u2rv5cqQI3mRrYkGC8rW2hM02jWuwjtL++LS5qinSyhj2QfLyNsuc+VsExg==}
    engines: {node: '>=10.0.0'}
    dev: false

  /strip-final-newline@2.0.0:
    resolution: {integrity: sha512-BrpvfNAE3dcvq7ll3xVumzjKjZQ5tI1sEUIKr3Uoks0XUl45St3FlatVqef9prk4jRDzhW6WZg+3bk93y6pLjA==}
    engines: {node: '>=6'}
    dev: true

  /styled-jsx@5.1.1(react@18.2.0):
    resolution: {integrity: sha512-pW7uC1l4mBZ8ugbiZrcIsiIvVx1UmTfw7UkC3Um2tmfUq9Bhk8IiyEIPl6F8agHgjzku6j0xQEZbfA5uSgSaCw==}
    engines: {node: '>= 12.0.0'}
    peerDependencies:
      '@babel/core': '*'
      babel-plugin-macros: '*'
      react: '>= 16.8.0 || 17.x.x || ^18.0.0-0'
    peerDependenciesMeta:
      '@babel/core':
        optional: true
      babel-plugin-macros:
        optional: true
    dependencies:
      client-only: 0.0.1
      react: 18.2.0
    dev: false

  /superjson@1.12.4:
    resolution: {integrity: sha512-vkpPQAxdCg9SLfPv5GPC5fnGrui/WryktoN9O5+Zif/14QIMjw+RITf/5LbBh+9QpBFb3KNvJth+puz2H8o6GQ==}
    engines: {node: '>=10'}
    dependencies:
      copy-anything: 3.0.2
    dev: false

  /supports-color@7.2.0:
    resolution: {integrity: sha512-qpCAvRl9stuOHveKsn7HncJRvv501qIacKzQlO/+Lwxc9+0q2wLyv4Dfvt80/DPn2pqOBsJdDiogXGR9+OvwRw==}
    engines: {node: '>=8'}
    dependencies:
      has-flag: 4.0.0
    dev: true

  /through@2.3.8:
    resolution: {integrity: sha512-w89qg7PI8wAdvX60bMDP+bFoD5Dvhm9oLheFp5O4a2QF0cSBGsBX4qZmadPMvVqlLJBBci+WqGGOAPvcDeNSVg==}
    dev: true

  /tslib@2.5.0:
    resolution: {integrity: sha512-336iVw3rtn2BUK7ORdIAHTyxHGRIHVReokCR3XjbckJMK7ms8FysBfhLR8IXnAgy7T0PTPNBWKiH514FOW/WSg==}

  /typescript@5.1.3:
    resolution: {integrity: sha512-XH627E9vkeqhlZFQuL+UsyAXEnibT0kWR2FWONlr4sTjvxyJYnyefgrkyECLzM5NenmKzRAy2rR/OlYLA1HkZw==}
    engines: {node: '>=14.17'}
    hasBin: true
    dev: false

  /use-sync-external-store@1.2.0(react@18.2.0):
    resolution: {integrity: sha512-eEgnFxGQ1Ife9bzYs6VLi8/4X6CObHMw9Qr9tPY43iKwsPw8xE8+EFsf/2cFZ5S3esXgpWgtSCtLNS41F+sKPA==}
    peerDependencies:
      react: ^16.8.0 || ^17.0.0 || ^18.0.0
    dependencies:
      react: 18.2.0
    dev: false

  /uuid@8.3.2:
    resolution: {integrity: sha512-+NYs2QeMWy+GWFOEm9xnn6HCDp0l7QBD7ml8zLUmJ+93Q5NF0NocErnwkTkXVFNiX3/fpC6afS8Dhb/gz7R7eg==}
    hasBin: true
    dev: false

  /wait-on@6.0.0(debug@4.3.2):
    resolution: {integrity: sha512-tnUJr9p5r+bEYXPUdRseolmz5XqJTTj98JgOsfBn7Oz2dxfE2g3zw1jE+Mo8lopM3j3et/Mq1yW7kKX6qw7RVw==}
    engines: {node: '>=10.0.0'}
    hasBin: true
    dependencies:
      axios: 0.21.4(debug@4.3.2)
      joi: 17.7.0
      lodash: 4.17.21
      minimist: 1.2.8
      rxjs: 7.8.0
    transitivePeerDependencies:
      - debug
    dev: true

  /wait-port@1.0.4:
    resolution: {integrity: sha512-w8Ftna3h6XSFWWc2JC5gZEgp64nz8bnaTp5cvzbJSZ53j+omktWTDdwXxEF0jM8YveviLgFWvNGrSvRHnkyHyw==}
    engines: {node: '>=10'}
    hasBin: true
    dependencies:
      chalk: 4.1.2
      commander: 9.4.1
      debug: 4.3.4
    transitivePeerDependencies:
      - supports-color
    dev: true

  /watchpack@2.4.0:
    resolution: {integrity: sha512-Lcvm7MGST/4fup+ifyKi2hjyIAwcdI4HRgtvTpIUxBRhB+RFtUh8XtDOxUfctVCnhVi+QQj49i91OyvzkJl6cg==}
    engines: {node: '>=10.13.0'}
    dependencies:
      glob-to-regexp: 0.4.1
      graceful-fs: 4.2.11
    dev: false

  /which@2.0.2:
    resolution: {integrity: sha512-BLI3Tl1TW3Pvl70l3yq3Y64i+awpwXqsGBYWkkqMtnbXgrMD+yj7rhW0kuEDxzJaYXGjEW5ogapKNMEKNMjibA==}
    engines: {node: '>= 8'}
    hasBin: true
    dependencies:
      isexe: 2.0.0
    dev: true

  /yallist@4.0.0:
    resolution: {integrity: sha512-3wdGidZyq5PB084XLES5TpOSRA3wjXAlIWMhum2kRcv/41Sn2emQ0dycQW4uZXLejwKvg6EsvbdlVL+FYEct7A==}
    dev: false

  /zod@3.20.2:
    resolution: {integrity: sha512-1MzNQdAvO+54H+EaK5YpyEy0T+Ejo/7YLHS93G3RnYWh5gaotGHwGeN/ZO687qEDU2y4CdStQYXVHIgrUl5UVQ==}
    dev: false

  /zod@3.21.4:
    resolution: {integrity: sha512-m46AKbrzKVzOzs/DZgVnG5H55N1sv1M8qZU3A8RIKbs3mrACDNeIOeilDymVb2HdmP8uwshOCF4uJ8uM9rCqJw==}
    dev: false

settings:
  autoInstallPeers: true
  excludeLinksFromLockfile: false
