lockfileVersion: '6.0'

settings:
  autoInstallPeers: true
  excludeLinksFromLockfile: false

dependencies:
  '@hookform/resolvers':
    specifier: ^2.9.11
    version: 2.9.11(react-hook-form@7.52.1)
  '@js-temporal/polyfill':
    specifier: ^0.4.4
    version: 0.4.4
  '@tanstack/react-query':
    specifier: ^5.51.11
    version: 5.51.18(react@18.3.1)
  '@tanstack/react-query-devtools':
    specifier: ^5.51.11
    version: 5.51.18(@tanstack/react-query@5.51.18)(react@18.3.1)
  '@trpc/client':
    specifier: next
    version: 11.0.0-rc.477(@trpc/server@11.0.0-rc.477)
  '@trpc/next':
    specifier: next
    version: 11.0.0-rc.477(@tanstack/react-query@5.51.18)(@trpc/client@11.0.0-rc.477)(@trpc/react-query@11.0.0-rc.477)(@trpc/server@11.0.0-rc.477)(next@14.2.5)(react-dom@18.3.1)(react@18.3.1)
  '@trpc/react-query':
    specifier: next
    version: 11.0.0-rc.477(@tanstack/react-query@5.51.18)(@trpc/client@11.0.0-rc.477)(@trpc/server@11.0.0-rc.477)(react-dom@18.3.1)(react@18.3.1)
  '@trpc/server':
    specifier: next
    version: 11.0.0-rc.477
  '@types/node':
    specifier: ^20.10.0
    version: 20.14.14
  '@types/react':
    specifier: ^18.3.1
    version: 18.3.3
  '@types/react-dom':
    specifier: ^18.3.0
    version: 18.3.0
  next:
    specifier: ^14.2.5
    version: 14.2.5(@playwright/test@1.45.3)(react-dom@18.3.1)(react@18.3.1)
  next-auth:
    specifier: ^4.22.1
    version: 4.24.7(next@14.2.5)(react-dom@18.3.1)(react@18.3.1)
  react:
    specifier: ^18.3.1
    version: 18.3.1
  react-dom:
    specifier: ^18.3.1
    version: 18.3.1(react@18.3.1)
  react-hook-form:
    specifier: ^7.43.3
    version: 7.52.1(react@18.3.1)
  react-hot-toast:
    specifier: ^2.4.1
    version: 2.4.1(csstype@3.1.3)(react-dom@18.3.1)(react@18.3.1)
  server-only:
    specifier: ^0.0.1
    version: 0.0.1
  superjson:
    specifier: ^1.12.4
    version: 1.13.3
  trpc-api:
    specifier: link:./src/trpc
    version: link:src/trpc
  typescript:
    specifier: ^5.5.3
    version: 5.5.4
  zod:
    specifier: ^3.0.0
    version: 3.23.8

devDependencies:
  '@playwright/test':
    specifier: ^1.26.1
    version: 1.45.3
  start-server-and-test:
    specifier: ^1.12.0
    version: 1.15.5
  wait-port:
    specifier: ^1.0.1
    version: 1.1.0

packages:

  /@babel/runtime@7.25.0:
    resolution: {integrity: sha512-7dRy4DwXwtzBrPbZflqxnvfxLF8kdZXPkhymtDeFoFqE6ldzjQFgYTtYIFARcLEYDrqfBfYcZt1WqFxRoyC9Rw==}
    engines: {node: '>=6.9.0'}
    dependencies:
      regenerator-runtime: 0.14.1
    dev: false

  /@hapi/hoek@9.3.0:
    resolution: {integrity: sha512-/c6rf4UJlmHlC9b5BaNvzAcFv7HZ2QHaV0D4/HNlBdvFnvQq8RI4kYdhyPCl7Xj+oWvTWQ8ujhqS53LIgAe6KQ==}
    dev: true

  /@hapi/topo@5.1.0:
    resolution: {integrity: sha512-foQZKJig7Ob0BMAYBfcJk8d77QtOe7Wo4ox7ff1lQYoNNAb6jwcY1ncdoy2e9wQZzvNy7ODZCYJkK8kzmcAnAg==}
    dependencies:
      '@hapi/hoek': 9.3.0
    dev: true

  /@hookform/resolvers@2.9.11(react-hook-form@7.52.1):
    resolution: {integrity: sha512-bA3aZ79UgcHj7tFV7RlgThzwSSHZgvfbt2wprldRkYBcMopdMvHyO17Wwp/twcJasNFischFfS7oz8Katz8DdQ==}
    peerDependencies:
      react-hook-form: ^7.0.0
    dependencies:
      react-hook-form: 7.52.1(react@18.3.1)
    dev: false

  /@js-temporal/polyfill@0.4.4:
    resolution: {integrity: sha512-2X6bvghJ/JAoZO52lbgyAPFj8uCflhTo2g7nkFzEQdXd/D8rEeD4HtmTEpmtGCva260fcd66YNXBOYdnmHqSOg==}
    engines: {node: '>=12'}
    dependencies:
      jsbi: 4.3.0
      tslib: 2.6.3
    dev: false

  /@next/env@14.2.5:
    resolution: {integrity: sha512-/zZGkrTOsraVfYjGP8uM0p6r0BDT6xWpkjdVbcz66PJVSpwXX3yNiRycxAuDfBKGWBrZBXRuK/YVlkNgxHGwmA==}
    dev: false

  /@next/swc-darwin-arm64@14.2.5:
    resolution: {integrity: sha512-/9zVxJ+K9lrzSGli1///ujyRfon/ZneeZ+v4ptpiPoOU+GKZnm8Wj8ELWU1Pm7GHltYRBklmXMTUqM/DqQ99FQ==}
    engines: {node: '>= 10'}
    cpu: [arm64]
    os: [darwin]
    requiresBuild: true
    dev: false
    optional: true

  /@next/swc-darwin-x64@14.2.5:
    resolution: {integrity: sha512-vXHOPCwfDe9qLDuq7U1OYM2wUY+KQ4Ex6ozwsKxp26BlJ6XXbHleOUldenM67JRyBfVjv371oneEvYd3H2gNSA==}
    engines: {node: '>= 10'}
    cpu: [x64]
    os: [darwin]
    requiresBuild: true
    dev: false
    optional: true

  /@next/swc-linux-arm64-gnu@14.2.5:
    resolution: {integrity: sha512-vlhB8wI+lj8q1ExFW8lbWutA4M2ZazQNvMWuEDqZcuJJc78iUnLdPPunBPX8rC4IgT6lIx/adB+Cwrl99MzNaA==}
    engines: {node: '>= 10'}
    cpu: [arm64]
    os: [linux]
    requiresBuild: true
    dev: false
    optional: true

  /@next/swc-linux-arm64-musl@14.2.5:
    resolution: {integrity: sha512-NpDB9NUR2t0hXzJJwQSGu1IAOYybsfeB+LxpGsXrRIb7QOrYmidJz3shzY8cM6+rO4Aojuef0N/PEaX18pi9OA==}
    engines: {node: '>= 10'}
    cpu: [arm64]
    os: [linux]
    requiresBuild: true
    dev: false
    optional: true

  /@next/swc-linux-x64-gnu@14.2.5:
    resolution: {integrity: sha512-8XFikMSxWleYNryWIjiCX+gU201YS+erTUidKdyOVYi5qUQo/gRxv/3N1oZFCgqpesN6FPeqGM72Zve+nReVXQ==}
    engines: {node: '>= 10'}
    cpu: [x64]
    os: [linux]
    requiresBuild: true
    dev: false
    optional: true

  /@next/swc-linux-x64-musl@14.2.5:
    resolution: {integrity: sha512-6QLwi7RaYiQDcRDSU/os40r5o06b5ue7Jsk5JgdRBGGp8l37RZEh9JsLSM8QF0YDsgcosSeHjglgqi25+m04IQ==}
    engines: {node: '>= 10'}
    cpu: [x64]
    os: [linux]
    requiresBuild: true
    dev: false
    optional: true

  /@next/swc-win32-arm64-msvc@14.2.5:
    resolution: {integrity: sha512-1GpG2VhbspO+aYoMOQPQiqc/tG3LzmsdBH0LhnDS3JrtDx2QmzXe0B6mSZZiN3Bq7IOMXxv1nlsjzoS1+9mzZw==}
    engines: {node: '>= 10'}
    cpu: [arm64]
    os: [win32]
    requiresBuild: true
    dev: false
    optional: true

  /@next/swc-win32-ia32-msvc@14.2.5:
    resolution: {integrity: sha512-Igh9ZlxwvCDsu6438FXlQTHlRno4gFpJzqPjSIBZooD22tKeI4fE/YMRoHVJHmrQ2P5YL1DoZ0qaOKkbeFWeMg==}
    engines: {node: '>= 10'}
    cpu: [ia32]
    os: [win32]
    requiresBuild: true
    dev: false
    optional: true

  /@next/swc-win32-x64-msvc@14.2.5:
    resolution: {integrity: sha512-tEQ7oinq1/CjSG9uSTerca3v4AZ+dFa+4Yu6ihaG8Ud8ddqLQgFGcnwYls13H5X5CPDPZJdYxyeMui6muOLd4g==}
    engines: {node: '>= 10'}
    cpu: [x64]
    os: [win32]
    requiresBuild: true
    dev: false
    optional: true

  /@panva/hkdf@1.2.1:
    resolution: {integrity: sha512-6oclG6Y3PiDFcoyk8srjLfVKyMfVCKJ27JwNPViuXziFpmdz+MZnZN/aKY0JGXgYuO/VghU0jcOAZgWXZ1Dmrw==}
    dev: false

  /@playwright/test@1.45.3:
    resolution: {integrity: sha512-UKF4XsBfy+u3MFWEH44hva1Q8Da28G6RFtR2+5saw+jgAFQV5yYnB1fu68Mz7fO+5GJF3wgwAIs0UelU8TxFrA==}
    engines: {node: '>=18'}
    hasBin: true
    dependencies:
      playwright: 1.45.3

  /@sideway/address@4.1.5:
    resolution: {integrity: sha512-IqO/DUQHUkPeixNQ8n0JA6102hT9CmaljNTPmQ1u8MEhBo/R4Q8eKLN/vGZxuebwOroDB4cbpjheD4+/sKFK4Q==}
    dependencies:
      '@hapi/hoek': 9.3.0
    dev: true

  /@sideway/formula@3.0.1:
    resolution: {integrity: sha512-/poHZJJVjx3L+zVD6g9KgHfYnb443oi7wLu/XKojDviHy6HOEOA6z1Trk5aR1dGcmPenJEgb2sK2I80LeS3MIg==}
    dev: true

  /@sideway/pinpoint@2.0.0:
    resolution: {integrity: sha512-RNiOoTPkptFtSVzQevY/yWtZwf/RxyVnPy/OcA9HBM3MlGDnBEYL5B41H0MTn0Uec8Hi+2qUtTfG2WWZBmMejQ==}
    dev: true

  /@swc/counter@0.1.3:
    resolution: {integrity: sha512-e2BR4lsJkkRlKZ/qCHPw9ZaSxc0MVUd7gtbtaB7aMvHeJVYe8sOB8DBZkP2DtISHGSku9sCK6T6cnY0CtXrOCQ==}
    dev: false

  /@swc/helpers@0.5.5:
    resolution: {integrity: sha512-KGYxvIOXcceOAbEk4bi/dVLEK9z8sZ0uBB3Il5b1rhfClSpcX0yfRO0KmTkqR2cnQDymwLB+25ZyMzICg/cm/A==}
    dependencies:
      '@swc/counter': 0.1.3
      tslib: 2.6.3
    dev: false

  /@tanstack/query-core@5.51.17:
    resolution: {integrity: sha512-AtVNOgVrZNz4C7RzMfx7sCn1/gf0Ype4nX8UP2BOh0C2tTMszwXk98iCLRacTn5vTRNJCZxz3fgEcTJq0uv8GQ==}
    dev: false

  /@tanstack/query-devtools@5.51.16:
    resolution: {integrity: sha512-ajwuq4WnkNCMj/Hy3KR8d3RtZ6PSKc1dD2vs2T408MdjgKzQ3klVoL6zDgVO7X+5jlb5zfgcO3thh4ojPhfIaw==}
    dev: false

  /@tanstack/react-query-devtools@5.51.18(@tanstack/react-query@5.51.18)(react@18.3.1):
    resolution: {integrity: sha512-0gOltE8TXHTw2X36EuKYWixyR9ISj2sK3G/Lb44YdlXK2qBwkgSt3uciH5x/xVvUB2hIVcPDILOumKwkw28cTg==}
    peerDependencies:
      '@tanstack/react-query': ^5.51.18
      react: ^18 || ^19
    dependencies:
      '@tanstack/query-devtools': 5.51.16
      '@tanstack/react-query': 5.51.18(react@18.3.1)
      react: 18.3.1
    dev: false

  /@tanstack/react-query@5.51.18(react@18.3.1):
    resolution: {integrity: sha512-l/PF3X6Coi53kEDpL2XEU0x+y3szOk/oKWSHMlyy8tyUHviaIg8tJ6O4Cc1AjLAhbyTG1a+bZobdSuLXzYTt/w==}
    peerDependencies:
      react: ^18.0.0
    dependencies:
      '@tanstack/query-core': 5.51.17
      react: 18.3.1
    dev: false

  /@trpc/client@11.0.0-rc.477(@trpc/server@11.0.0-rc.477):
    resolution: {integrity: sha512-Ah/Er3vxTm2bIEUcIrike7Z/8Yc+DkFveU2ZHQQ0+zY7yxs931438+4OEJuY/Xl/0p5OTDeZTm6HBuZ1REFiyA==}
    peerDependencies:
      '@trpc/server': 11.0.0-rc.477+a467f8314
    dependencies:
      '@trpc/server': 11.0.0-rc.477
    dev: false

  /@trpc/next@11.0.0-rc.477(@tanstack/react-query@5.51.18)(@trpc/client@11.0.0-rc.477)(@trpc/react-query@11.0.0-rc.477)(@trpc/server@11.0.0-rc.477)(next@14.2.5)(react-dom@18.3.1)(react@18.3.1):
    resolution: {integrity: sha512-cijR4i0nvt9izzZkGoKtHj8CfIquuH1I/QN3c1/9eNi9VZvB6KPlCYuxpgctZBPTlzbpgagh0SmKC634tXnl/Q==}
    peerDependencies:
      '@tanstack/react-query': ^5.49.2
      '@trpc/client': 11.0.0-rc.477+a467f8314
      '@trpc/react-query': 11.0.0-rc.477+a467f8314
      '@trpc/server': 11.0.0-rc.477+a467f8314
      next: '*'
      react: '>=16.8.0'
      react-dom: '>=16.8.0'
    peerDependenciesMeta:
      '@tanstack/react-query':
        optional: true
      '@trpc/react-query':
        optional: true
    dependencies:
      '@tanstack/react-query': 5.51.18(react@18.3.1)
      '@trpc/client': 11.0.0-rc.477(@trpc/server@11.0.0-rc.477)
      '@trpc/react-query': 11.0.0-rc.477(@tanstack/react-query@5.51.18)(@trpc/client@11.0.0-rc.477)(@trpc/server@11.0.0-rc.477)(react-dom@18.3.1)(react@18.3.1)
      '@trpc/server': 11.0.0-rc.477
      next: 14.2.5(@playwright/test@1.45.3)(react-dom@18.3.1)(react@18.3.1)
      react: 18.3.1
      react-dom: 18.3.1(react@18.3.1)
    dev: false

  /@trpc/react-query@11.0.0-rc.477(@tanstack/react-query@5.51.18)(@trpc/client@11.0.0-rc.477)(@trpc/server@11.0.0-rc.477)(react-dom@18.3.1)(react@18.3.1):
    resolution: {integrity: sha512-1ZCAm0wv7yLmb3muq+5DTRxdKXzI1KjTrcM2+QRKCFu6EherGM8x6zGI36P9ZmC6o+SCoedzxqazDNe+kkqVqA==}
    peerDependencies:
      '@tanstack/react-query': ^5.49.2
      '@trpc/client': 11.0.0-rc.477+a467f8314
      '@trpc/server': 11.0.0-rc.477+a467f8314
      react: '>=18.2.0'
      react-dom: '>=18.2.0'
    dependencies:
      '@tanstack/react-query': 5.51.18(react@18.3.1)
      '@trpc/client': 11.0.0-rc.477(@trpc/server@11.0.0-rc.477)
      '@trpc/server': 11.0.0-rc.477
      react: 18.3.1
      react-dom: 18.3.1(react@18.3.1)
    dev: false

  /@trpc/server@11.0.0-rc.477:
    resolution: {integrity: sha512-K6zmjRv96fWilqm/ETehEK1DWsy5bSyrs2xbsNzCbjguMgamMhOClRHgYzJcwgLp2kasJ7QgD9YbahOhV1/u1w==}
    dev: false

  /@types/node@20.14.14:
    resolution: {integrity: sha512-d64f00982fS9YoOgJkAMolK7MN8Iq3TDdVjchbYHdEmjth/DHowx82GnoA+tVUAN+7vxfYUgAzi+JXbKNd2SDQ==}
    dependencies:
      undici-types: 5.26.5
    dev: false

  /@types/prop-types@15.7.12:
    resolution: {integrity: sha512-5zvhXYtRNRluoE/jAp4GVsSduVUzNWKkOZrCDBWYtE7biZywwdC2AcEzg+cSMLFRfVgeAFqpfNabiPjxFddV1Q==}
    dev: false

  /@types/react-dom@18.3.0:
    resolution: {integrity: sha512-EhwApuTmMBmXuFOikhQLIBUn6uFg81SwLMOAUgodJF14SOBOCMdU04gDoYi0WOJJHD144TL32z4yDqCW3dnkQg==}
    dependencies:
      '@types/react': 18.3.3
    dev: false

  /@types/react@18.3.3:
    resolution: {integrity: sha512-hti/R0pS0q1/xx+TsI73XIqk26eBsISZ2R0wUijXIngRK9R/e7Xw/cXVxQK7R5JjW+SV4zGcn5hXjudkN/pLIw==}
    dependencies:
      '@types/prop-types': 15.7.12
      csstype: 3.1.3
    dev: false

  /ansi-styles@4.3.0:
    resolution: {integrity: sha512-zbB9rCJAT1rbjiVDb2hqKFHNYLxgtk8NURxZ3IZwD3F6NtxbXZQCnnSi1Lkx+IDohdPlFp222wVALIheZJQSEg==}
    engines: {node: '>=8'}
    dependencies:
      color-convert: 2.0.1
    dev: true

  /arg@5.0.2:
    resolution: {integrity: sha512-PYjyFOLKQ9y57JvQ6QLo8dAgNqswh8M1RMJYdQduT6xbWSgK36P/Z/v+p888pM69jMMfS8Xd8F6I1kQ/I9HUGg==}
    dev: true

  /asynckit@0.4.0:
    resolution: {integrity: sha512-Oei9OH4tRh0YqU3GxhX79dM/mwVgvbZJaSNaRk+bshkj0S5cfHcgYakreBjrHwatXKbz+IoIdYLxrKim2MjW0Q==}
    dev: true

  /axios@0.27.2(debug@4.3.4):
    resolution: {integrity: sha512-t+yRIyySRTp/wua5xEr+z1q60QmLq8ABsS5O9Me1AsE5dfKqgnCFzwiCZZ/cGNd1lq4/7akDWMxdhVlucjmnOQ==}
    dependencies:
      follow-redirects: 1.15.6(debug@4.3.4)
      form-data: 4.0.0
    transitivePeerDependencies:
      - debug
    dev: true

  /bluebird@3.7.2:
    resolution: {integrity: sha512-XpNj6GDQzdfW+r2Wnn7xiSAd7TM3jzkxGXBGTtWKuSXv1xUV+azxAm8jdWZN06QTQk+2N2XB9jRDkvbmQmcRtg==}
    dev: true

  /busboy@1.6.0:
    resolution: {integrity: sha512-8SFQbg/0hQ9xy3UNTB0YEnsNBbWfhf7RtnzpL7TkBiTBRfrQ9Fxcnz7VJsleJpyp6rVLvXiuORqjlHi5q+PYuA==}
    engines: {node: '>=10.16.0'}
    dependencies:
      streamsearch: 1.1.0
    dev: false

  /caniuse-lite@1.0.30001646:
    resolution: {integrity: sha512-dRg00gudiBDDTmUhClSdv3hqRfpbOnU28IpI1T6PBTLWa+kOj0681C8uML3PifYfREuBrVjDGhL3adYpBT6spw==}
    dev: false

  /chalk@4.1.2:
    resolution: {integrity: sha512-oKnbhFyRIXpUuez8iBMmyEa4nbj4IOQyuhc/wy9kY7/WVPcwIO9VA668Pu8RkO7+0G76SLROeyw9CpQ061i4mA==}
    engines: {node: '>=10'}
    dependencies:
      ansi-styles: 4.3.0
      supports-color: 7.2.0
    dev: true

  /check-more-types@2.24.0:
    resolution: {integrity: sha512-Pj779qHxV2tuapviy1bSZNEL1maXr13bPYpsvSDB68HlYcYuhlDrmGd63i0JHMCLKzc7rUSNIrpdJlhVlNwrxA==}
    engines: {node: '>= 0.8.0'}
    dev: true

  /client-only@0.0.1:
    resolution: {integrity: sha512-IV3Ou0jSMzZrd3pZ48nLkT9DA7Ag1pnPzaiQhpW7c3RbcqqzvzzVu+L8gfqMp/8IM2MQtSiqaCxrrcfu8I8rMA==}
    dev: false

  /color-convert@2.0.1:
    resolution: {integrity: sha512-RRECPsj7iu/xb5oKYcsFHSppFNnsj/52OVTRKb4zP5onXwVF3zVmmToNcOfGC+CRDpfK/U584fMg38ZHCaElKQ==}
    engines: {node: '>=7.0.0'}
    dependencies:
      color-name: 1.1.4
    dev: true

  /color-name@1.1.4:
    resolution: {integrity: sha512-dOy+3AuW3a2wNbZHIuMZpTcgjGuLU/uBL/ubcZF9OXbDo8ff4O8yVp5Bf0efS8uEoYo5q4Fx7dY9OgQGXgAsQA==}
    dev: true

  /combined-stream@1.0.8:
    resolution: {integrity: sha512-FQN4MRfuJeHf7cBbBMJFXhKSDq+2kAArBlmRBvcvFE5BB1HZKXtSFASDhdlz9zOYwxh8lDdnvmMOe/+5cdoEdg==}
    engines: {node: '>= 0.8'}
    dependencies:
      delayed-stream: 1.0.0
    dev: true

  /commander@9.5.0:
    resolution: {integrity: sha512-KRs7WVDKg86PWiuAqhDrAQnTXZKraVcCc6vFdL14qrZ/DcWwuRo7VoiYXalXO7S5GKpqYiVEwCbgFDfxNHKJBQ==}
    engines: {node: ^12.20.0 || >=14}
    dev: true

  /cookie@0.5.0:
    resolution: {integrity: sha512-YZ3GUyn/o8gfKJlnlX7g7xq4gyO6OSuhGPKaaGssGB2qgDUS0gPgtTvoyZLTt9Ab6dC4hfc9dV5arkvc/OCmrw==}
    engines: {node: '>= 0.6'}
    dev: false

  /copy-anything@3.0.5:
    resolution: {integrity: sha512-yCEafptTtb4bk7GLEQoM8KVJpxAfdBJYaXyzQEgQQQgYrZiDp8SJmGKlYza6CYjEDNstAdNdKA3UuoULlEbS6w==}
    engines: {node: '>=12.13'}
    dependencies:
      is-what: 4.1.16
    dev: false

  /cross-spawn@7.0.3:
    resolution: {integrity: sha512-iRDPJKUPVEND7dHPO8rkbOnPpyDygcDFtWjpeWNCgy8WP2rXcxXL8TskReQl6OrB2G7+UJrags1q15Fudc7G6w==}
    engines: {node: '>= 8'}
    dependencies:
      path-key: 3.1.1
      shebang-command: 2.0.0
      which: 2.0.2
    dev: true

  /csstype@3.1.3:
    resolution: {integrity: sha512-M1uQkMl8rQK/szD0LNhtqxIPLpimGm8sOBwU7lLnCpSbTyY3yeU1Vc7l4KT5zT4s/yOxHH5O7tIuuLOCnLADRw==}
    dev: false

  /debug@4.3.4:
    resolution: {integrity: sha512-PRWFHuSU3eDtQJPvnNY7Jcket1j0t5OuOsFzPPzsekD52Zl8qUfFIPEiswXqIvHWGVHOgX+7G/vCNNhehwxfkQ==}
    engines: {node: '>=6.0'}
    peerDependencies:
      supports-color: '*'
    peerDependenciesMeta:
      supports-color:
        optional: true
    dependencies:
      ms: 2.1.2
    dev: true

  /debug@4.3.6:
    resolution: {integrity: sha512-O/09Bd4Z1fBrU4VzkhFqVgpPzaGbw6Sm9FEkBT1A/YBXQFGuuSxa1dN2nxgxS34JmKXqYx8CZAwEVoJFImUXIg==}
    engines: {node: '>=6.0'}
    peerDependencies:
      supports-color: '*'
    peerDependenciesMeta:
      supports-color:
        optional: true
    dependencies:
      ms: 2.1.2
    dev: true

  /delayed-stream@1.0.0:
    resolution: {integrity: sha512-ZySD7Nf91aLB0RxL4KGrKHBXl7Eds1DAmEdcoVawXnLD7SDhpNgtuII2aAkg7a7QS41jxPSZ17p4VdGnMHk3MQ==}
    engines: {node: '>=0.4.0'}
    dev: true

  /duplexer@0.1.2:
    resolution: {integrity: sha512-jtD6YG370ZCIi/9GTaJKQxWTZD045+4R4hTk/x1UyoqadyJ9x9CgSi1RlVDQF8U2sxLLSnFkCaMihqljHIWgMg==}
    dev: true

  /event-stream@3.3.4:
    resolution: {integrity: sha512-QHpkERcGsR0T7Qm3HNJSyXKEEj8AHNxkY3PK8TS2KJvQ7NiSHe3DDpwVKKtoYprL/AreyzFBeIkBIWChAqn60g==}
    dependencies:
      duplexer: 0.1.2
      from: 0.1.7
      map-stream: 0.1.0
      pause-stream: 0.0.11
      split: 0.3.3
      stream-combiner: 0.0.4
      through: 2.3.8
    dev: true

  /execa@5.1.1:
    resolution: {integrity: sha512-8uSpZZocAZRBAPIEINJj3Lo9HyGitllczc27Eh5YYojjMFMn8yHMDMaUHE2Jqfq05D/wucwI4JGURyXt1vchyg==}
    engines: {node: '>=10'}
    dependencies:
      cross-spawn: 7.0.3
      get-stream: 6.0.1
      human-signals: 2.1.0
      is-stream: 2.0.1
      merge-stream: 2.0.0
      npm-run-path: 4.0.1
      onetime: 5.1.2
      signal-exit: 3.0.7
      strip-final-newline: 2.0.0
    dev: true

  /follow-redirects@1.15.6(debug@4.3.4):
    resolution: {integrity: sha512-wWN62YITEaOpSK584EZXJafH1AGpO8RVgElfkuXbTOrPX4fIfOyEpW/CsiNd8JdYrAoOvafRTOEnvsO++qCqFA==}
    engines: {node: '>=4.0'}
    peerDependencies:
      debug: '*'
    peerDependenciesMeta:
      debug:
        optional: true
    dependencies:
      debug: 4.3.4
    dev: true

  /form-data@4.0.0:
    resolution: {integrity: sha512-ETEklSGi5t0QMZuiXoA/Q6vcnxcLQP5vdugSpuAyi6SVGi2clPPp+xgEhuMaHC+zGgn31Kd235W35f7Hykkaww==}
    engines: {node: '>= 6'}
    dependencies:
      asynckit: 0.4.0
      combined-stream: 1.0.8
      mime-types: 2.1.35
    dev: true

  /from@0.1.7:
    resolution: {integrity: sha512-twe20eF1OxVxp/ML/kq2p1uc6KvFK/+vs8WjEbeKmV2He22MKm7YF2ANIt+EOqhJ5L3K/SuuPhk0hWQDjOM23g==}
    dev: true

  /fsevents@2.3.2:
    resolution: {integrity: sha512-xiqMQR4xAeHTuB9uWm+fFRcIOgKBMiOBP+eXiyT7jsgVCq1bkVygt00oASowB7EdtpOHaaPgKt812P9ab+DDKA==}
    engines: {node: ^8.16.0 || ^10.6.0 || >=11.0.0}
    os: [darwin]
    requiresBuild: true
    optional: true

  /get-stream@6.0.1:
    resolution: {integrity: sha512-ts6Wi+2j3jQjqi70w5AlN8DFnkSwC+MqmxEzdEALB2qXZYV3X/b1CTfgPLGJNMeAWxdPfU8FO1ms3NUfaHCPYg==}
    engines: {node: '>=10'}
    dev: true

  /goober@2.1.14(csstype@3.1.3):
    resolution: {integrity: sha512-4UpC0NdGyAFqLNPnhCT2iHpza2q+RAY3GV85a/mRPdzyPQMsj0KmMMuetdIkzWRbJ+Hgau1EZztq8ImmiMGhsg==}
    peerDependencies:
      csstype: ^3.0.10
    dependencies:
      csstype: 3.1.3
    dev: false

  /graceful-fs@4.2.11:
    resolution: {integrity: sha512-RbJ5/jmFcNNCcDV5o9eTnBLJ/HszWV0P73bc+Ff4nS/rJj+YaS6IGyiOL0VoBYX+l1Wrl3k63h/KrH+nhJ0XvQ==}
    dev: false

  /has-flag@4.0.0:
    resolution: {integrity: sha512-EykJT/Q1KjTWctppgIAgfSO0tKVuZUjhgMr17kqTumMl6Afv3EISleU7qZUzoXDFTAHTDC4NOoG/ZxU3EvlMPQ==}
    engines: {node: '>=8'}
    dev: true

  /human-signals@2.1.0:
    resolution: {integrity: sha512-B4FFZ6q/T2jhhksgkbEW3HBvWIfDW85snkQgawt07S7J5QXTk6BkNV+0yAeZrM5QpMAdYlocGoljn0sJ/WQkFw==}
    engines: {node: '>=10.17.0'}
    dev: true

  /is-stream@2.0.1:
    resolution: {integrity: sha512-hFoiJiTl63nn+kstHGBtewWSKnQLpyb155KHheA1l39uvtO9nWIop1p3udqPcUd/xbF1VLMO4n7OI6p7RbngDg==}
    engines: {node: '>=8'}
    dev: true

  /is-what@4.1.16:
    resolution: {integrity: sha512-ZhMwEosbFJkA0YhFnNDgTM4ZxDRsS6HqTo7qsZM08fehyRYIYa0yHu5R6mgo1n/8MgaPBXiPimPD77baVFYg+A==}
    engines: {node: '>=12.13'}
    dev: false

  /isexe@2.0.0:
    resolution: {integrity: sha512-RHxMLp9lnKHGHRng9QFhRCMbYAcVpn69smSGcq3f36xjgVVWThj4qqLbTLlq7Ssj8B+fIQ1EuCEGI2lKsyQeIw==}
    dev: true

  /joi@17.13.3:
    resolution: {integrity: sha512-otDA4ldcIx+ZXsKHWmp0YizCweVRZG96J10b0FevjfuncLO1oX59THoAmHkNubYJ+9gWsYsp5k8v4ib6oDv1fA==}
    dependencies:
      '@hapi/hoek': 9.3.0
      '@hapi/topo': 5.1.0
      '@sideway/address': 4.1.5
      '@sideway/formula': 3.0.1
      '@sideway/pinpoint': 2.0.0
    dev: true

  /jose@4.15.9:
    resolution: {integrity: sha512-1vUQX+IdDMVPj4k8kOxgUqlcK518yluMuGZwqlr44FS1ppZB/5GWh4rZG89erpOBOJjU/OBsnCVFfapsRz6nEA==}
    dev: false

  /js-tokens@4.0.0:
    resolution: {integrity: sha512-RdJUflcE3cUzKiMqQgsCu06FPu9UdIJO0beYbPhHN4k6apgJtifcoCtT9bcxOpYBtpD2kCM6Sbzg4CausW/PKQ==}
    dev: false

  /jsbi@4.3.0:
    resolution: {integrity: sha512-SnZNcinB4RIcnEyZqFPdGPVgrg2AcnykiBy0sHVJQKHYeaLUvi3Exj+iaPpLnFVkDPZIV4U0yvgC9/R4uEAZ9g==}
    dev: false

  /lazy-ass@1.6.0:
    resolution: {integrity: sha512-cc8oEVoctTvsFZ/Oje/kGnHbpWHYBe8IAJe4C0QNc3t8uM/0Y8+erSz/7Y1ALuXTEZTMvxXwO6YbX1ey3ujiZw==}
    engines: {node: '> 0.8'}
    dev: true

  /lodash@4.17.21:
    resolution: {integrity: sha512-v2kDEe57lecTulaDIuNTPy3Ry4gLGJ6Z1O3vE1krgXZNrsQ+LFTGHVxVjcXPs17LhbZVGedAJv8XZ1tvj5FvSg==}
    dev: true

  /loose-envify@1.4.0:
    resolution: {integrity: sha512-lyuxPGr/Wfhrlem2CL/UcnUc1zcqKAImBDzukY7Y5F/yQiNdko6+fRLevlw1HgMySw7f611UIY408EtxRSoK3Q==}
    hasBin: true
    dependencies:
      js-tokens: 4.0.0
    dev: false

  /lru-cache@6.0.0:
    resolution: {integrity: sha512-Jo6dJ04CmSjuznwJSS3pUeWmd/H0ffTlkXXgwZi+eq1UCmqQwCh+eLsYOYCwY991i2Fah4h1BEMCx4qThGbsiA==}
    engines: {node: '>=10'}
    dependencies:
      yallist: 4.0.0
    dev: false

  /map-stream@0.1.0:
    resolution: {integrity: sha512-CkYQrPYZfWnu/DAmVCpTSX/xHpKZ80eKh2lAkyA6AJTef6bW+6JpbQZN5rofum7da+SyN1bi5ctTm+lTfcCW3g==}
    dev: true

  /merge-stream@2.0.0:
    resolution: {integrity: sha512-abv/qOcuPfk3URPfDzmZU1LKmuw8kT+0nIHvKrKgFrwifol/doWcdA4ZqsWQ8ENrFKkd67Mfpo/LovbIUsbt3w==}
    dev: true

  /mime-db@1.52.0:
    resolution: {integrity: sha512-sPU4uV7dYlvtWJxwwxHD0PuihVNiE7TyAbQ5SWxDCB9mUYvOgroQOwYQQOKPJ8CIbE+1ETVlOoK1UC2nU3gYvg==}
    engines: {node: '>= 0.6'}
    dev: true

  /mime-types@2.1.35:
    resolution: {integrity: sha512-ZDY+bPm5zTTF+YpCrAU9nK0UgICYPT0QtT1NZWFv4s++TNkcgVaT0g6+4R2uI4MjQjzysHB1zxuWL50hzaeXiw==}
    engines: {node: '>= 0.6'}
    dependencies:
      mime-db: 1.52.0
    dev: true

  /mimic-fn@2.1.0:
    resolution: {integrity: sha512-OqbOk5oEQeAZ8WXWydlu9HJjz9WVdEIvamMCcXmuqUYjTknH/sqsWvhQ3vgwKFRR1HpjvNBKQ37nbJgYzGqGcg==}
    engines: {node: '>=6'}
    dev: true

  /minimist@1.2.8:
    resolution: {integrity: sha512-2yyAR8qBkN3YuheJanUpWC5U3bb5osDywNB8RzDVlDwDHbocAJveqqj1u8+SVD7jkWT4yvsHCpWqqWqAxb0zCA==}
    dev: true

  /ms@2.1.2:
    resolution: {integrity: sha512-sGkPx+VjMtmA6MX27oA4FBFELFCZZ4S4XqeGOXCv68tT+jb3vk/RyaKWP0PTKyWtmLSM0b+adUTEvbs1PEaH2w==}
    dev: true

  /nanoid@3.3.7:
    resolution: {integrity: sha512-eSRppjcPIatRIMC1U6UngP8XFcz8MQWGQdt1MTBQ7NaAmvXDfvNxbvWV3x2y6CdEUciCSsDHDQZbhYaB8QEo2g==}
    engines: {node: ^10 || ^12 || ^13.7 || ^14 || >=15.0.1}
    hasBin: true
    dev: false

  /next-auth@4.24.7(next@14.2.5)(react-dom@18.3.1)(react@18.3.1):
    resolution: {integrity: sha512-iChjE8ov/1K/z98gdKbn2Jw+2vLgJtVV39X+rCP5SGnVQuco7QOr19FRNGMIrD8d3LYhHWV9j9sKLzq1aDWWQQ==}
    peerDependencies:
      next: ^12.2.5 || ^13 || ^14
      nodemailer: ^6.6.5
      react: ^17.0.2 || ^18
      react-dom: ^17.0.2 || ^18
    peerDependenciesMeta:
      nodemailer:
        optional: true
    dependencies:
      '@babel/runtime': 7.25.0
      '@panva/hkdf': 1.2.1
      cookie: 0.5.0
      jose: 4.15.9
      next: 14.2.5(@playwright/test@1.45.3)(react-dom@18.3.1)(react@18.3.1)
      oauth: 0.9.15
      openid-client: 5.6.5
      preact: 10.23.1
      preact-render-to-string: 5.2.6(preact@10.23.1)
      react: 18.3.1
      react-dom: 18.3.1(react@18.3.1)
      uuid: 8.3.2
    dev: false

  /next@14.2.5(@playwright/test@1.45.3)(react-dom@18.3.1)(react@18.3.1):
    resolution: {integrity: sha512-0f8aRfBVL+mpzfBjYfQuLWh2WyAwtJXCRfkPF4UJ5qd2YwrHczsrSzXU4tRMV0OAxR8ZJZWPFn6uhSC56UTsLA==}
    engines: {node: '>=18.17.0'}
    hasBin: true
    peerDependencies:
      '@opentelemetry/api': ^1.1.0
      '@playwright/test': ^1.41.2
      react: ^18.2.0
      react-dom: ^18.2.0
      sass: ^1.3.0
    peerDependenciesMeta:
      '@opentelemetry/api':
        optional: true
      '@playwright/test':
        optional: true
      sass:
        optional: true
    dependencies:
      '@next/env': 14.2.5
      '@playwright/test': 1.45.3
      '@swc/helpers': 0.5.5
      busboy: 1.6.0
      caniuse-lite: 1.0.30001646
      graceful-fs: 4.2.11
      postcss: 8.4.31
      react: 18.3.1
      react-dom: 18.3.1(react@18.3.1)
      styled-jsx: 5.1.1(react@18.3.1)
    optionalDependencies:
      '@next/swc-darwin-arm64': 14.2.5
      '@next/swc-darwin-x64': 14.2.5
      '@next/swc-linux-arm64-gnu': 14.2.5
      '@next/swc-linux-arm64-musl': 14.2.5
      '@next/swc-linux-x64-gnu': 14.2.5
      '@next/swc-linux-x64-musl': 14.2.5
      '@next/swc-win32-arm64-msvc': 14.2.5
      '@next/swc-win32-ia32-msvc': 14.2.5
      '@next/swc-win32-x64-msvc': 14.2.5
    transitivePeerDependencies:
      - '@babel/core'
      - babel-plugin-macros
    dev: false

  /npm-run-path@4.0.1:
    resolution: {integrity: sha512-S48WzZW777zhNIrn7gxOlISNAqi9ZC/uQFnRdbeIHhZhCA6UqpkOT8T1G7BvfdgP4Er8gF4sUbaS0i7QvIfCWw==}
    engines: {node: '>=8'}
    dependencies:
      path-key: 3.1.1
    dev: true

  /oauth@0.9.15:
    resolution: {integrity: sha512-a5ERWK1kh38ExDEfoO6qUHJb32rd7aYmPHuyCu3Fta/cnICvYmgd2uhuKXvPD+PXB+gCEYYEaQdIRAjCOwAKNA==}
    dev: false

  /object-hash@2.2.0:
    resolution: {integrity: sha512-gScRMn0bS5fH+IuwyIFgnh9zBdo4DV+6GhygmWM9HyNJSgS0hScp1f5vjtm7oIIOiT9trXrShAkLFSc2IqKNgw==}
    engines: {node: '>= 6'}
    dev: false

  /oidc-token-hash@5.0.3:
    resolution: {integrity: sha512-IF4PcGgzAr6XXSff26Sk/+P4KZFJVuHAJZj3wgO3vX2bMdNVp/QXTP3P7CEm9V1IdG8lDLY3HhiqpsE/nOwpPw==}
    engines: {node: ^10.13.0 || >=12.0.0}
    dev: false

  /onetime@5.1.2:
    resolution: {integrity: sha512-kbpaSSGJTWdAY5KPVeMOKXSrPtr8C8C7wodJbcsd51jRnmD+GZu8Y0VoU6Dm5Z4vWr0Ig/1NKuWRKf7j5aaYSg==}
    engines: {node: '>=6'}
    dependencies:
      mimic-fn: 2.1.0
    dev: true

  /openid-client@5.6.5:
    resolution: {integrity: sha512-5P4qO9nGJzB5PI0LFlhj4Dzg3m4odt0qsJTfyEtZyOlkgpILwEioOhVVJOrS1iVH494S4Ee5OCjjg6Bf5WOj3w==}
    dependencies:
      jose: 4.15.9
      lru-cache: 6.0.0
      object-hash: 2.2.0
      oidc-token-hash: 5.0.3
    dev: false

  /path-key@3.1.1:
    resolution: {integrity: sha512-ojmeN0qd+y0jszEtoY48r0Peq5dwMEkIlCOu6Q5f41lfkswXuKtYrhgoTpLnyIcHm24Uhqx+5Tqm2InSwLhE6Q==}
    engines: {node: '>=8'}
    dev: true

  /pause-stream@0.0.11:
    resolution: {integrity: sha512-e3FBlXLmN/D1S+zHzanP4E/4Z60oFAa3O051qt1pxa7DEJWKAyil6upYVXCWadEnuoqa4Pkc9oUx9zsxYeRv8A==}
    dependencies:
      through: 2.3.8
    dev: true

  /picocolors@1.0.1:
    resolution: {integrity: sha512-anP1Z8qwhkbmu7MFP5iTt+wQKXgwzf7zTyGlcdzabySa9vd0Xt392U0rVmz9poOaBj0uHJKyyo9/upk0HrEQew==}
    dev: false

  /playwright-core@1.45.3:
    resolution: {integrity: sha512-+ym0jNbcjikaOwwSZycFbwkWgfruWvYlJfThKYAlImbxUgdWFO2oW70ojPm4OpE4t6TAo2FY/smM+hpVTtkhDA==}
    engines: {node: '>=18'}
    hasBin: true

  /playwright@1.45.3:
    resolution: {integrity: sha512-QhVaS+lpluxCaioejDZ95l4Y4jSFCsBvl2UZkpeXlzxmqS+aABr5c82YmfMHrL6x27nvrvykJAFpkzT2eWdJww==}
    engines: {node: '>=18'}
    hasBin: true
    dependencies:
      playwright-core: 1.45.3
    optionalDependencies:
      fsevents: 2.3.2

  /postcss@8.4.31:
    resolution: {integrity: sha512-PS08Iboia9mts/2ygV3eLpY5ghnUcfLV/EXTOW1E2qYxJKGGBUtNjN76FYHnMs36RmARn41bC0AZmn+rR0OVpQ==}
    engines: {node: ^10 || ^12 || >=14}
    dependencies:
      nanoid: 3.3.7
      picocolors: 1.0.1
      source-map-js: 1.2.0
    dev: false

  /preact-render-to-string@5.2.6(preact@10.23.1):
    resolution: {integrity: sha512-JyhErpYOvBV1hEPwIxc/fHWXPfnEGdRKxc8gFdAZ7XV4tlzyzG847XAyEZqoDnynP88akM4eaHcSOzNcLWFguw==}
    peerDependencies:
      preact: '>=10'
    dependencies:
      preact: 10.23.1
      pretty-format: 3.8.0
    dev: false

  /preact@10.23.1:
    resolution: {integrity: sha512-O5UdRsNh4vdZaTieWe3XOgSpdMAmkIYBCT3VhQDlKrzyCm8lUYsk0fmVEvoQQifoOjFRTaHZO69ylrzTW2BH+A==}
    dev: false

  /pretty-format@3.8.0:
    resolution: {integrity: sha512-WuxUnVtlWL1OfZFQFuqvnvs6MiAGk9UNsBostyBOB0Is9wb5uRESevA6rnl/rkksXaGX3GzZhPup5d6Vp1nFew==}
    dev: false

  /ps-tree@1.2.0:
    resolution: {integrity: sha512-0VnamPPYHl4uaU/nSFeZZpR21QAWRz+sRv4iW9+v/GS/J5U5iZB5BNN6J0RMoOvdx2gWM2+ZFMIm58q24e4UYA==}
    engines: {node: '>= 0.10'}
    hasBin: true
    dependencies:
      event-stream: 3.3.4
    dev: true

  /react-dom@18.3.1(react@18.3.1):
    resolution: {integrity: sha512-5m4nQKp+rZRb09LNH59GM4BxTh9251/ylbKIbpe7TpGxfJ+9kv6BLkLBXIjjspbgbnIBNqlI23tRnTWT0snUIw==}
    peerDependencies:
      react: ^18.3.1
    dependencies:
      loose-envify: 1.4.0
      react: 18.3.1
      scheduler: 0.23.2
    dev: false

  /react-hook-form@7.52.1(react@18.3.1):
    resolution: {integrity: sha512-uNKIhaoICJ5KQALYZ4TOaOLElyM+xipord+Ha3crEFhTntdLvWZqVY49Wqd/0GiVCA/f9NjemLeiNPjG7Hpurg==}
    engines: {node: '>=12.22.0'}
    peerDependencies:
      react: ^16.8.0 || ^17 || ^18 || ^19
    dependencies:
      react: 18.3.1
    dev: false

  /react-hot-toast@2.4.1(csstype@3.1.3)(react-dom@18.3.1)(react@18.3.1):
    resolution: {integrity: sha512-j8z+cQbWIM5LY37pR6uZR6D4LfseplqnuAO4co4u8917hBUvXlEqyP1ZzqVLcqoyUesZZv/ImreoCeHVDpE5pQ==}
    engines: {node: '>=10'}
    peerDependencies:
      react: '>=16'
      react-dom: '>=16'
    dependencies:
      goober: 2.1.14(csstype@3.1.3)
      react: 18.3.1
      react-dom: 18.3.1(react@18.3.1)
    transitivePeerDependencies:
      - csstype
    dev: false

  /react@18.3.1:
    resolution: {integrity: sha512-wS+hAgJShR0KhEvPJArfuPVN1+Hz1t0Y6n5jLrGQbkb4urgPE/0Rve+1kMB1v/oWgHgm4WIcV+i7F2pTVj+2iQ==}
    engines: {node: '>=0.10.0'}
    dependencies:
      loose-envify: 1.4.0
    dev: false

  /regenerator-runtime@0.14.1:
    resolution: {integrity: sha512-dYnhHh0nJoMfnkZs6GmmhFknAGRrLznOu5nc9ML+EJxGvrx6H7teuevqVqCuPcPK//3eDrrjQhehXVx9cnkGdw==}
    dev: false

  /rxjs@7.8.1:
    resolution: {integrity: sha512-AA3TVj+0A2iuIoQkWEK/tqFjBq2j+6PO6Y0zJcvzLAFhEFIO3HL0vls9hWLncZbAAbK0mar7oZ4V079I/qPMxg==}
    dependencies:
      tslib: 2.6.3
    dev: true

  /scheduler@0.23.2:
    resolution: {integrity: sha512-UOShsPwz7NrMUqhR6t0hWjFduvOzbtv7toDH1/hIrfRNIDBnnBWd0CwJTGvTpngVlmwGCdP9/Zl/tVrDqcuYzQ==}
    dependencies:
      loose-envify: 1.4.0
    dev: false

  /server-only@0.0.1:
    resolution: {integrity: sha512-qepMx2JxAa5jjfzxG79yPPq+8BuFToHd1hm7kI+Z4zAq1ftQiP7HcxMhDDItrbtwVeLg/cY2JnKnrcFkmiswNA==}
    dev: false

  /shebang-command@2.0.0:
    resolution: {integrity: sha512-kHxr2zZpYtdmrN1qDjrrX/Z1rR1kG8Dx+gkpK1G4eXmvXswmcE1hTWBWYUzlraYw1/yZp6YuDY77YtvbN0dmDA==}
    engines: {node: '>=8'}
    dependencies:
      shebang-regex: 3.0.0
    dev: true

  /shebang-regex@3.0.0:
    resolution: {integrity: sha512-7++dFhtcx3353uBaq8DDR4NuxBetBzC7ZQOhmTQInHEd6bSrXdiEyzCvG07Z44UYdLShWUyXt5M/yhz8ekcb1A==}
    engines: {node: '>=8'}
    dev: true

  /signal-exit@3.0.7:
    resolution: {integrity: sha512-wnD2ZE+l+SPC/uoS0vXeE9L1+0wuaMqKlfz9AMUo38JsyLSBWSFcHR1Rri62LZc12vLr1gb3jl7iwQhgwpAbGQ==}
    dev: true

  /source-map-js@1.2.0:
    resolution: {integrity: sha512-itJW8lvSA0TXEphiRoawsCksnlf8SyvmFzIhltqAHluXd88pkCd+cXJVHTDwdCr0IzwptSm035IHQktUu1QUMg==}
    engines: {node: '>=0.10.0'}
    dev: false

  /split@0.3.3:
    resolution: {integrity: sha512-wD2AeVmxXRBoX44wAycgjVpMhvbwdI2aZjCkvfNcH1YqHQvJVa1duWc73OyVGJUc05fhFaTZeQ/PYsrmyH0JVA==}
    dependencies:
      through: 2.3.8
    dev: true

  /start-server-and-test@1.15.5:
    resolution: {integrity: sha512-o3EmkX0++GV+qsvIJ/OKWm3w91fD8uS/bPQVPrh/7loaxkpXSuAIHdnmN/P/regQK9eNAK76aBJcHt+OSTk+nA==}
    engines: {node: '>=6'}
    deprecated: this package has been deprecated
    hasBin: true
    dependencies:
      arg: 5.0.2
      bluebird: 3.7.2
      check-more-types: 2.24.0
      debug: 4.3.4
      execa: 5.1.1
      lazy-ass: 1.6.0
      ps-tree: 1.2.0
      wait-on: 7.0.1(debug@4.3.4)
    transitivePeerDependencies:
      - supports-color
    dev: true

  /stream-combiner@0.0.4:
    resolution: {integrity: sha512-rT00SPnTVyRsaSz5zgSPma/aHSOic5U1prhYdRy5HS2kTZviFpmDgzilbtsJsxiroqACmayynDN/9VzIbX5DOw==}
    dependencies:
      duplexer: 0.1.2
    dev: true

  /streamsearch@1.1.0:
    resolution: {integrity: sha512-Mcc5wHehp9aXz1ax6bZUyY5afg9u2rv5cqQI3mRrYkGC8rW2hM02jWuwjtL++LS5qinSyhj2QfLyNsuc+VsExg==}
    engines: {node: '>=10.0.0'}
    dev: false

  /strip-final-newline@2.0.0:
    resolution: {integrity: sha512-BrpvfNAE3dcvq7ll3xVumzjKjZQ5tI1sEUIKr3Uoks0XUl45St3FlatVqef9prk4jRDzhW6WZg+3bk93y6pLjA==}
    engines: {node: '>=6'}
    dev: true

  /styled-jsx@5.1.1(react@18.3.1):
    resolution: {integrity: sha512-pW7uC1l4mBZ8ugbiZrcIsiIvVx1UmTfw7UkC3Um2tmfUq9Bhk8IiyEIPl6F8agHgjzku6j0xQEZbfA5uSgSaCw==}
    engines: {node: '>= 12.0.0'}
    peerDependencies:
      '@babel/core': '*'
      babel-plugin-macros: '*'
      react: '>= 16.8.0 || 17.x.x || ^18.0.0-0'
    peerDependenciesMeta:
      '@babel/core':
        optional: true
      babel-plugin-macros:
        optional: true
    dependencies:
      client-only: 0.0.1
      react: 18.3.1
    dev: false

  /superjson@1.13.3:
    resolution: {integrity: sha512-mJiVjfd2vokfDxsQPOwJ/PtanO87LhpYY88ubI5dUB1Ab58Txbyje3+jpm+/83R/fevaq/107NNhtYBLuoTrFg==}
    engines: {node: '>=10'}
    dependencies:
      copy-anything: 3.0.5
    dev: false

  /supports-color@7.2.0:
    resolution: {integrity: sha512-qpCAvRl9stuOHveKsn7HncJRvv501qIacKzQlO/+Lwxc9+0q2wLyv4Dfvt80/DPn2pqOBsJdDiogXGR9+OvwRw==}
    engines: {node: '>=8'}
    dependencies:
      has-flag: 4.0.0
    dev: true

  /through@2.3.8:
    resolution: {integrity: sha512-w89qg7PI8wAdvX60bMDP+bFoD5Dvhm9oLheFp5O4a2QF0cSBGsBX4qZmadPMvVqlLJBBci+WqGGOAPvcDeNSVg==}
    dev: true

  /tslib@2.6.3:
    resolution: {integrity: sha512-xNvxJEOUiWPGhUuUdQgAJPKOOJfGnIyKySOc09XkKsgdUV/3E2zvwZYdejjmRgPCgcym1juLH3226yA7sEFJKQ==}

  /typescript@5.5.4:
    resolution: {integrity: sha512-Mtq29sKDAEYP7aljRgtPOpTvOfbwRWlS6dPRzwjdE+C0R4brX/GUyhHSecbHMFLNBLcJIPt9nl9yG5TZ1weH+Q==}
    engines: {node: '>=14.17'}
    hasBin: true
    dev: false

  /undici-types@5.26.5:
    resolution: {integrity: sha512-JlCMO+ehdEIKqlFxk6IfVoAUVmgz7cU7zD/h9XZ0qzeosSHmUJVOzSQvvYSYWXkFXC+IfLKSIffhv0sVZup6pA==}
    dev: false

  /uuid@8.3.2:
    resolution: {integrity: sha512-+NYs2QeMWy+GWFOEm9xnn6HCDp0l7QBD7ml8zLUmJ+93Q5NF0NocErnwkTkXVFNiX3/fpC6afS8Dhb/gz7R7eg==}
    hasBin: true
    dev: false

  /wait-on@7.0.1(debug@4.3.4):
    resolution: {integrity: sha512-9AnJE9qTjRQOlTZIldAaf/da2eW0eSRSgcqq85mXQja/DW3MriHxkpODDSUEg+Gri/rKEcXUZHe+cevvYItaog==}
    engines: {node: '>=12.0.0'}
    hasBin: true
    dependencies:
      axios: 0.27.2(debug@4.3.4)
      joi: 17.13.3
      lodash: 4.17.21
      minimist: 1.2.8
      rxjs: 7.8.1
    transitivePeerDependencies:
      - debug
    dev: true

  /wait-port@1.1.0:
    resolution: {integrity: sha512-3e04qkoN3LxTMLakdqeWth8nih8usyg+sf1Bgdf9wwUkp05iuK1eSY/QpLvscT/+F/gA89+LpUmmgBtesbqI2Q==}
    engines: {node: '>=10'}
    hasBin: true
    dependencies:
      chalk: 4.1.2
      commander: 9.5.0
      debug: 4.3.6
    transitivePeerDependencies:
      - supports-color
    dev: true

  /which@2.0.2:
    resolution: {integrity: sha512-BLI3Tl1TW3Pvl70l3yq3Y64i+awpwXqsGBYWkkqMtnbXgrMD+yj7rhW0kuEDxzJaYXGjEW5ogapKNMEKNMjibA==}
    engines: {node: '>= 8'}
    hasBin: true
    dependencies:
      isexe: 2.0.0
    dev: true

  /yallist@4.0.0:
    resolution: {integrity: sha512-3wdGidZyq5PB084XLES5TpOSRA3wjXAlIWMhum2kRcv/41Sn2emQ0dycQW4uZXLejwKvg6EsvbdlVL+FYEct7A==}
    dev: false

  /zod@3.23.8:
    resolution: {integrity: sha512-XBx9AXhXktjUqnepgTiE5flcKIYWi/rme0Eaj+5Y0lftuGBq+jyRu/md4WnuxqgP1ubdpNCsYEYPxrzVHD8d6g==}
    dev: false
